// !$*UTF8*$!
{
	archiveVersion = 1;
	classes = {
	};
	objectVersion = 56;
	objects = {

/* Begin PBXBuildFile section */
		6215031F2A4E792700431BBB /* Presentable.swift in Sources */ = {isa = PBXBuildFile; fileRef = 6215031E2A4E792700431BBB /* Presentable.swift */; };
		621503212A4E79D000431BBB /* CoordinatorFactory.swift in Sources */ = {isa = PBXBuildFile; fileRef = 621503202A4E79D000431BBB /* CoordinatorFactory.swift */; };
		621503232A4E7CAE00431BBB /* Router.swift in Sources */ = {isa = PBXBuildFile; fileRef = 621503222A4E7CAE00431BBB /* Router.swift */; };
		621503302A559BB200431BBB /* CoordinatorFactoryImp.swift in Sources */ = {isa = PBXBuildFile; fileRef = 6215032F2A559BB200431BBB /* CoordinatorFactoryImp.swift */; };
		621503332A559C9600431BBB /* TabBarController.swift in Sources */ = {isa = PBXBuildFile; fileRef = 621503322A559C9600431BBB /* TabBarController.swift */; };
		621503352A559CB800431BBB /* TabBarCoordinator.swift in Sources */ = {isa = PBXBuildFile; fileRef = 621503342A559CB800431BBB /* TabBarCoordinator.swift */; };
		621503372A55A44900431BBB /* TabBarFlowProtocol.swift in Sources */ = {isa = PBXBuildFile; fileRef = 621503362A55A44900431BBB /* TabBarFlowProtocol.swift */; };
		6215033F2A5BE93500431BBB /* OnboardingCoordinator.swift in Sources */ = {isa = PBXBuildFile; fileRef = 6215033E2A5BE93500431BBB /* OnboardingCoordinator.swift */; };
		621503432A5BEF0400431BBB /* OnboardingModuleFactory.swift in Sources */ = {isa = PBXBuildFile; fileRef = 621503422A5BEF0400431BBB /* OnboardingModuleFactory.swift */; };
		621503452A5BF06100431BBB /* OnboardingFlowProtocol.swift in Sources */ = {isa = PBXBuildFile; fileRef = 621503442A5BF06100431BBB /* OnboardingFlowProtocol.swift */; };
		621503472A5BF12900431BBB /* OnboardingViewController.swift in Sources */ = {isa = PBXBuildFile; fileRef = 621503462A5BF12900431BBB /* OnboardingViewController.swift */; };
		6215034C2A5E699C00431BBB /* gmarketSansTTFLight.ttf in Resources */ = {isa = PBXBuildFile; fileRef = 621503492A5E699C00431BBB /* gmarketSansTTFLight.ttf */; };
		6215034D2A5E699C00431BBB /* gmarketSansTTFMedium.ttf in Resources */ = {isa = PBXBuildFile; fileRef = 6215034A2A5E699C00431BBB /* gmarketSansTTFMedium.ttf */; };
		6215034E2A5E699C00431BBB /* gmarketSansTTFBold.ttf in Resources */ = {isa = PBXBuildFile; fileRef = 6215034B2A5E699C00431BBB /* gmarketSansTTFBold.ttf */; };
		621503522A5E6EC900431BBB /* UIFont+Extensions.swift in Sources */ = {isa = PBXBuildFile; fileRef = 621503512A5E6EC900431BBB /* UIFont+Extensions.swift */; };
		621503542A5E7AC700431BBB /* Colors.xcassets in Resources */ = {isa = PBXBuildFile; fileRef = 621503532A5E7AC700431BBB /* Colors.xcassets */; };
		621503562A5E7B0500431BBB /* UIColor+Extensions.swift in Sources */ = {isa = PBXBuildFile; fileRef = 621503552A5E7B0500431BBB /* UIColor+Extensions.swift */; };
		621503582A5E8E2300431BBB /* UIControl+Extensions.swift in Sources */ = {isa = PBXBuildFile; fileRef = 621503572A5E8E2300431BBB /* UIControl+Extensions.swift */; };
		6215035A2A5E8EBB00431BBB /* OnboardingViewModel.swift in Sources */ = {isa = PBXBuildFile; fileRef = 621503592A5E8EBB00431BBB /* OnboardingViewModel.swift */; };
		624BB0CD2A652EC8002A3109 /* GoalSettingCoordinator.swift in Sources */ = {isa = PBXBuildFile; fileRef = 624BB0CC2A652EC8002A3109 /* GoalSettingCoordinator.swift */; };
		624BB0CF2A652FB9002A3109 /* GoalSettingModuleFactory.swift in Sources */ = {isa = PBXBuildFile; fileRef = 624BB0CE2A652FB9002A3109 /* GoalSettingModuleFactory.swift */; };
		624BB0D12A6530C0002A3109 /* GoalSettingFlowProtocol.swift in Sources */ = {isa = PBXBuildFile; fileRef = 624BB0D02A6530C0002A3109 /* GoalSettingFlowProtocol.swift */; };
		624BB0D32A653299002A3109 /* GoalSettingViewController.swift in Sources */ = {isa = PBXBuildFile; fileRef = 624BB0D22A653299002A3109 /* GoalSettingViewController.swift */; };
		624BB0D92A666342002A3109 /* LottoDiaryTextField.swift in Sources */ = {isa = PBXBuildFile; fileRef = 624BB0D82A666342002A3109 /* LottoDiaryTextField.swift */; };
		624BB0DF2A67B319002A3109 /* GoalSettingUseCase.swift in Sources */ = {isa = PBXBuildFile; fileRef = 624BB0DE2A67B319002A3109 /* GoalSettingUseCase.swift */; };
		624BB0E32A67B4BC002A3109 /* NickNameValidationState.swift in Sources */ = {isa = PBXBuildFile; fileRef = 624BB0E22A67B4BC002A3109 /* NickNameValidationState.swift */; };
		624BB0E52A67B9CA002A3109 /* DefaultGoalSettingUseCase.swift in Sources */ = {isa = PBXBuildFile; fileRef = 624BB0E42A67B9CA002A3109 /* DefaultGoalSettingUseCase.swift */; };
		624BB0E72A67BFB6002A3109 /* GoalSettingViewModel.swift in Sources */ = {isa = PBXBuildFile; fileRef = 624BB0E62A67BFB6002A3109 /* GoalSettingViewModel.swift */; };
		624BB0E92A67EED2002A3109 /* String+Extensions.swift in Sources */ = {isa = PBXBuildFile; fileRef = 624BB0E82A67EED2002A3109 /* String+Extensions.swift */; };
		624BB0EB2A67F014002A3109 /* GoalAmountValidationState.swift in Sources */ = {isa = PBXBuildFile; fileRef = 624BB0EA2A67F014002A3109 /* GoalAmountValidationState.swift */; };
		624BB0ED2A67F73B002A3109 /* Int+Extensions.swift in Sources */ = {isa = PBXBuildFile; fileRef = 624BB0EC2A67F73B002A3109 /* Int+Extensions.swift */; };
		624BB0EF2A6903DA002A3109 /* NotificationCycle.swift in Sources */ = {isa = PBXBuildFile; fileRef = 624BB0EE2A6903DA002A3109 /* NotificationCycle.swift */; };
		629C1F532A4ABD0F00540FA4 /* AppDelegate.swift in Sources */ = {isa = PBXBuildFile; fileRef = 629C1F522A4ABD0F00540FA4 /* AppDelegate.swift */; };
		629C1F552A4ABD0F00540FA4 /* SceneDelegate.swift in Sources */ = {isa = PBXBuildFile; fileRef = 629C1F542A4ABD0F00540FA4 /* SceneDelegate.swift */; };
		629C1F5D2A4ABD0F00540FA4 /* LottoDairy.xcdatamodeld in Sources */ = {isa = PBXBuildFile; fileRef = 629C1F5B2A4ABD0F00540FA4 /* LottoDairy.xcdatamodeld */; };
		629C1F5F2A4ABD1000540FA4 /* Assets.xcassets in Resources */ = {isa = PBXBuildFile; fileRef = 629C1F5E2A4ABD1000540FA4 /* Assets.xcassets */; };
		629C1F622A4ABD1000540FA4 /* LaunchScreen.storyboard in Resources */ = {isa = PBXBuildFile; fileRef = 629C1F602A4ABD1000540FA4 /* LaunchScreen.storyboard */; };
		80603AD62A4AC839003D5274 /* Coordinator.swift in Sources */ = {isa = PBXBuildFile; fileRef = 80603AD52A4AC839003D5274 /* Coordinator.swift */; };
		80603AD82A4AC874003D5274 /* BaseCoordinator.swift in Sources */ = {isa = PBXBuildFile; fileRef = 80603AD72A4AC874003D5274 /* BaseCoordinator.swift */; };
		80603ADA2A4E6FE2003D5274 /* AppCoordinator.swift in Sources */ = {isa = PBXBuildFile; fileRef = 80603AD92A4E6FE2003D5274 /* AppCoordinator.swift */; };
		80603ADE2A4E9FB0003D5274 /* RouterImp.swift in Sources */ = {isa = PBXBuildFile; fileRef = 80603ADD2A4E9FB0003D5274 /* RouterImp.swift */; };
		80773A6E2A55AE9E0020F1DD /* HomeCoordinator.swift in Sources */ = {isa = PBXBuildFile; fileRef = 80773A6D2A55AE9E0020F1DD /* HomeCoordinator.swift */; };
		80773A702A55AF770020F1DD /* HomeViewController.swift in Sources */ = {isa = PBXBuildFile; fileRef = 80773A6F2A55AF770020F1DD /* HomeViewController.swift */; };
		80773A722A55AFF80020F1DD /* HomeFlowProtocol.swift in Sources */ = {isa = PBXBuildFile; fileRef = 80773A712A55AFF80020F1DD /* HomeFlowProtocol.swift */; };
		80773A742A55B99E0020F1DD /* HomeModuleFactory.swift in Sources */ = {isa = PBXBuildFile; fileRef = 80773A732A55B99E0020F1DD /* HomeModuleFactory.swift */; };
		80773A762A55BA1C0020F1DD /* ModuleFactoryImp.swift in Sources */ = {isa = PBXBuildFile; fileRef = 80773A752A55BA1C0020F1DD /* ModuleFactoryImp.swift */; };
/* End PBXBuildFile section */

/* Begin PBXFileReference section */
		6215031E2A4E792700431BBB /* Presentable.swift */ = {isa = PBXFileReference; lastKnownFileType = sourcecode.swift; path = Presentable.swift; sourceTree = "<group>"; };
		621503202A4E79D000431BBB /* CoordinatorFactory.swift */ = {isa = PBXFileReference; lastKnownFileType = sourcecode.swift; path = CoordinatorFactory.swift; sourceTree = "<group>"; };
		621503222A4E7CAE00431BBB /* Router.swift */ = {isa = PBXFileReference; lastKnownFileType = sourcecode.swift; path = Router.swift; sourceTree = "<group>"; };
		6215032F2A559BB200431BBB /* CoordinatorFactoryImp.swift */ = {isa = PBXFileReference; lastKnownFileType = sourcecode.swift; path = CoordinatorFactoryImp.swift; sourceTree = "<group>"; };
		621503322A559C9600431BBB /* TabBarController.swift */ = {isa = PBXFileReference; lastKnownFileType = sourcecode.swift; path = TabBarController.swift; sourceTree = "<group>"; };
		621503342A559CB800431BBB /* TabBarCoordinator.swift */ = {isa = PBXFileReference; lastKnownFileType = sourcecode.swift; path = TabBarCoordinator.swift; sourceTree = "<group>"; };
		621503362A55A44900431BBB /* TabBarFlowProtocol.swift */ = {isa = PBXFileReference; lastKnownFileType = sourcecode.swift; path = TabBarFlowProtocol.swift; sourceTree = "<group>"; };
		6215033E2A5BE93500431BBB /* OnboardingCoordinator.swift */ = {isa = PBXFileReference; lastKnownFileType = sourcecode.swift; path = OnboardingCoordinator.swift; sourceTree = "<group>"; };
		621503422A5BEF0400431BBB /* OnboardingModuleFactory.swift */ = {isa = PBXFileReference; lastKnownFileType = sourcecode.swift; path = OnboardingModuleFactory.swift; sourceTree = "<group>"; };
		621503442A5BF06100431BBB /* OnboardingFlowProtocol.swift */ = {isa = PBXFileReference; lastKnownFileType = sourcecode.swift; path = OnboardingFlowProtocol.swift; sourceTree = "<group>"; };
		621503462A5BF12900431BBB /* OnboardingViewController.swift */ = {isa = PBXFileReference; lastKnownFileType = sourcecode.swift; path = OnboardingViewController.swift; sourceTree = "<group>"; };
		621503492A5E699C00431BBB /* gmarketSansTTFLight.ttf */ = {isa = PBXFileReference; lastKnownFileType = file; path = gmarketSansTTFLight.ttf; sourceTree = "<group>"; };
		6215034A2A5E699C00431BBB /* gmarketSansTTFMedium.ttf */ = {isa = PBXFileReference; lastKnownFileType = file; path = gmarketSansTTFMedium.ttf; sourceTree = "<group>"; };
		6215034B2A5E699C00431BBB /* gmarketSansTTFBold.ttf */ = {isa = PBXFileReference; lastKnownFileType = file; path = gmarketSansTTFBold.ttf; sourceTree = "<group>"; };
		621503512A5E6EC900431BBB /* UIFont+Extensions.swift */ = {isa = PBXFileReference; lastKnownFileType = sourcecode.swift; path = "UIFont+Extensions.swift"; sourceTree = "<group>"; };
		621503532A5E7AC700431BBB /* Colors.xcassets */ = {isa = PBXFileReference; lastKnownFileType = folder.assetcatalog; path = Colors.xcassets; sourceTree = "<group>"; };
		621503552A5E7B0500431BBB /* UIColor+Extensions.swift */ = {isa = PBXFileReference; lastKnownFileType = sourcecode.swift; path = "UIColor+Extensions.swift"; sourceTree = "<group>"; };
		621503572A5E8E2300431BBB /* UIControl+Extensions.swift */ = {isa = PBXFileReference; lastKnownFileType = sourcecode.swift; path = "UIControl+Extensions.swift"; sourceTree = "<group>"; };
		621503592A5E8EBB00431BBB /* OnboardingViewModel.swift */ = {isa = PBXFileReference; lastKnownFileType = sourcecode.swift; path = OnboardingViewModel.swift; sourceTree = "<group>"; };
		624BB0CC2A652EC8002A3109 /* GoalSettingCoordinator.swift */ = {isa = PBXFileReference; lastKnownFileType = sourcecode.swift; path = GoalSettingCoordinator.swift; sourceTree = "<group>"; };
		624BB0CE2A652FB9002A3109 /* GoalSettingModuleFactory.swift */ = {isa = PBXFileReference; lastKnownFileType = sourcecode.swift; path = GoalSettingModuleFactory.swift; sourceTree = "<group>"; };
		624BB0D02A6530C0002A3109 /* GoalSettingFlowProtocol.swift */ = {isa = PBXFileReference; lastKnownFileType = sourcecode.swift; path = GoalSettingFlowProtocol.swift; sourceTree = "<group>"; };
		624BB0D22A653299002A3109 /* GoalSettingViewController.swift */ = {isa = PBXFileReference; lastKnownFileType = sourcecode.swift; path = GoalSettingViewController.swift; sourceTree = "<group>"; };
		624BB0D82A666342002A3109 /* LottoDiaryTextField.swift */ = {isa = PBXFileReference; lastKnownFileType = sourcecode.swift; path = LottoDiaryTextField.swift; sourceTree = "<group>"; };
		624BB0DE2A67B319002A3109 /* GoalSettingUseCase.swift */ = {isa = PBXFileReference; lastKnownFileType = sourcecode.swift; path = GoalSettingUseCase.swift; sourceTree = "<group>"; };
		624BB0E22A67B4BC002A3109 /* NickNameValidationState.swift */ = {isa = PBXFileReference; lastKnownFileType = sourcecode.swift; path = NickNameValidationState.swift; sourceTree = "<group>"; };
		624BB0E42A67B9CA002A3109 /* DefaultGoalSettingUseCase.swift */ = {isa = PBXFileReference; lastKnownFileType = sourcecode.swift; path = DefaultGoalSettingUseCase.swift; sourceTree = "<group>"; };
		624BB0E62A67BFB6002A3109 /* GoalSettingViewModel.swift */ = {isa = PBXFileReference; lastKnownFileType = sourcecode.swift; path = GoalSettingViewModel.swift; sourceTree = "<group>"; };
		624BB0E82A67EED2002A3109 /* String+Extensions.swift */ = {isa = PBXFileReference; lastKnownFileType = sourcecode.swift; path = "String+Extensions.swift"; sourceTree = "<group>"; };
		624BB0EA2A67F014002A3109 /* GoalAmountValidationState.swift */ = {isa = PBXFileReference; lastKnownFileType = sourcecode.swift; path = GoalAmountValidationState.swift; sourceTree = "<group>"; };
		624BB0EC2A67F73B002A3109 /* Int+Extensions.swift */ = {isa = PBXFileReference; lastKnownFileType = sourcecode.swift; path = "Int+Extensions.swift"; sourceTree = "<group>"; };
		624BB0EE2A6903DA002A3109 /* NotificationCycle.swift */ = {isa = PBXFileReference; lastKnownFileType = sourcecode.swift; path = NotificationCycle.swift; sourceTree = "<group>"; };
		629C1F4F2A4ABD0F00540FA4 /* LottoDairy.app */ = {isa = PBXFileReference; explicitFileType = wrapper.application; includeInIndex = 0; path = LottoDairy.app; sourceTree = BUILT_PRODUCTS_DIR; };
		629C1F522A4ABD0F00540FA4 /* AppDelegate.swift */ = {isa = PBXFileReference; lastKnownFileType = sourcecode.swift; path = AppDelegate.swift; sourceTree = "<group>"; };
		629C1F542A4ABD0F00540FA4 /* SceneDelegate.swift */ = {isa = PBXFileReference; lastKnownFileType = sourcecode.swift; path = SceneDelegate.swift; sourceTree = "<group>"; };
		629C1F5C2A4ABD0F00540FA4 /* LottoDairy.xcdatamodel */ = {isa = PBXFileReference; lastKnownFileType = wrapper.xcdatamodel; path = LottoDairy.xcdatamodel; sourceTree = "<group>"; };
		629C1F5E2A4ABD1000540FA4 /* Assets.xcassets */ = {isa = PBXFileReference; lastKnownFileType = folder.assetcatalog; path = Assets.xcassets; sourceTree = "<group>"; };
		629C1F612A4ABD1000540FA4 /* Base */ = {isa = PBXFileReference; lastKnownFileType = file.storyboard; name = Base; path = Base.lproj/LaunchScreen.storyboard; sourceTree = "<group>"; };
		629C1F632A4ABD1000540FA4 /* Info.plist */ = {isa = PBXFileReference; lastKnownFileType = text.plist.xml; path = Info.plist; sourceTree = "<group>"; };
		80603AD52A4AC839003D5274 /* Coordinator.swift */ = {isa = PBXFileReference; lastKnownFileType = sourcecode.swift; path = Coordinator.swift; sourceTree = "<group>"; };
		80603AD72A4AC874003D5274 /* BaseCoordinator.swift */ = {isa = PBXFileReference; lastKnownFileType = sourcecode.swift; path = BaseCoordinator.swift; sourceTree = "<group>"; };
		80603AD92A4E6FE2003D5274 /* AppCoordinator.swift */ = {isa = PBXFileReference; lastKnownFileType = sourcecode.swift; path = AppCoordinator.swift; sourceTree = "<group>"; };
		80603ADD2A4E9FB0003D5274 /* RouterImp.swift */ = {isa = PBXFileReference; lastKnownFileType = sourcecode.swift; path = RouterImp.swift; sourceTree = "<group>"; };
		80773A6D2A55AE9E0020F1DD /* HomeCoordinator.swift */ = {isa = PBXFileReference; lastKnownFileType = sourcecode.swift; path = HomeCoordinator.swift; sourceTree = "<group>"; };
		80773A6F2A55AF770020F1DD /* HomeViewController.swift */ = {isa = PBXFileReference; lastKnownFileType = sourcecode.swift; path = HomeViewController.swift; sourceTree = "<group>"; };
		80773A712A55AFF80020F1DD /* HomeFlowProtocol.swift */ = {isa = PBXFileReference; lastKnownFileType = sourcecode.swift; path = HomeFlowProtocol.swift; sourceTree = "<group>"; };
		80773A732A55B99E0020F1DD /* HomeModuleFactory.swift */ = {isa = PBXFileReference; lastKnownFileType = sourcecode.swift; path = HomeModuleFactory.swift; sourceTree = "<group>"; };
		80773A752A55BA1C0020F1DD /* ModuleFactoryImp.swift */ = {isa = PBXFileReference; lastKnownFileType = sourcecode.swift; path = ModuleFactoryImp.swift; sourceTree = "<group>"; };
/* End PBXFileReference section */

/* Begin PBXFrameworksBuildPhase section */
		629C1F4C2A4ABD0F00540FA4 /* Frameworks */ = {
			isa = PBXFrameworksBuildPhase;
			buildActionMask = 2147483647;
			files = (
			);
			runOnlyForDeploymentPostprocessing = 0;
		};
/* End PBXFrameworksBuildPhase section */

/* Begin PBXGroup section */
		621503242A4EB76B00431BBB /* Factories */ = {
			isa = PBXGroup;
			children = (
				6215032C2A559B9700431BBB /* Imp */,
				621503202A4E79D000431BBB /* CoordinatorFactory.swift */,
				80773A732A55B99E0020F1DD /* HomeModuleFactory.swift */,
				621503422A5BEF0400431BBB /* OnboardingModuleFactory.swift */,
				624BB0CE2A652FB9002A3109 /* GoalSettingModuleFactory.swift */,
			);
			path = Factories;
			sourceTree = "<group>";
		};
		621503252A4EB78E00431BBB /* Protocols */ = {
			isa = PBXGroup;
			children = (
				80603AD52A4AC839003D5274 /* Coordinator.swift */,
				6215031E2A4E792700431BBB /* Presentable.swift */,
			);
			path = Protocols;
			sourceTree = "<group>";
		};
		621503262A4EB91900431BBB /* Coordinator */ = {
			isa = PBXGroup;
			children = (
				621503242A4EB76B00431BBB /* Factories */,
				621503282A4EB93600431BBB /* Parents */,
				621503272A4EB92600431BBB /* Router */,
				621503252A4EB78E00431BBB /* Protocols */,
			);
			path = Coordinator;
			sourceTree = "<group>";
		};
		621503272A4EB92600431BBB /* Router */ = {
			isa = PBXGroup;
			children = (
				621503222A4E7CAE00431BBB /* Router.swift */,
				80603ADD2A4E9FB0003D5274 /* RouterImp.swift */,
			);
			path = Router;
			sourceTree = "<group>";
		};
		621503282A4EB93600431BBB /* Parents */ = {
			isa = PBXGroup;
			children = (
				80603AD72A4AC874003D5274 /* BaseCoordinator.swift */,
			);
			path = Parents;
			sourceTree = "<group>";
		};
		6215032B2A4EBAD600431BBB /* Resource */ = {
			isa = PBXGroup;
			children = (
				621503482A5E694900431BBB /* Fonts */,
				6215034B2A5E699C00431BBB /* gmarketSansTTFBold.ttf */,
				621503492A5E699C00431BBB /* gmarketSansTTFLight.ttf */,
				6215034A2A5E699C00431BBB /* gmarketSansTTFMedium.ttf */,
				629C1F5E2A4ABD1000540FA4 /* Assets.xcassets */,
				621503532A5E7AC700431BBB /* Colors.xcassets */,
				629C1F602A4ABD1000540FA4 /* LaunchScreen.storyboard */,
			);
			path = Resource;
			sourceTree = "<group>";
		};
		6215032C2A559B9700431BBB /* Imp */ = {
			isa = PBXGroup;
			children = (
				6215032F2A559BB200431BBB /* CoordinatorFactoryImp.swift */,
				80773A752A55BA1C0020F1DD /* ModuleFactoryImp.swift */,
			);
			path = Imp;
			sourceTree = "<group>";
		};
		621503312A559C7300431BBB /* TabBarScene */ = {
			isa = PBXGroup;
			children = (
				621503322A559C9600431BBB /* TabBarController.swift */,
				621503342A559CB800431BBB /* TabBarCoordinator.swift */,
				621503362A55A44900431BBB /* TabBarFlowProtocol.swift */,
			);
			path = TabBarScene;
			sourceTree = "<group>";
		};
		6215033D2A5BE91A00431BBB /* OnboardingScene */ = {
			isa = PBXGroup;
			children = (
				6215033E2A5BE93500431BBB /* OnboardingCoordinator.swift */,
				621503442A5BF06100431BBB /* OnboardingFlowProtocol.swift */,
				621503462A5BF12900431BBB /* OnboardingViewController.swift */,
				621503592A5E8EBB00431BBB /* OnboardingViewModel.swift */,
			);
			path = OnboardingScene;
			sourceTree = "<group>";
		};
		621503482A5E694900431BBB /* Fonts */ = {
			isa = PBXGroup;
			children = (
			);
			path = Fonts;
			sourceTree = "<group>";
		};
		6215034F2A5E6EB300431BBB /* Support */ = {
			isa = PBXGroup;
			children = (
				621503502A5E6EBA00431BBB /* Extension */,
			);
			path = Support;
			sourceTree = "<group>";
		};
		621503502A5E6EBA00431BBB /* Extension */ = {
			isa = PBXGroup;
			children = (
				621503512A5E6EC900431BBB /* UIFont+Extensions.swift */,
				621503552A5E7B0500431BBB /* UIColor+Extensions.swift */,
				621503572A5E8E2300431BBB /* UIControl+Extensions.swift */,
				624BB0E82A67EED2002A3109 /* String+Extensions.swift */,
				624BB0EC2A67F73B002A3109 /* Int+Extensions.swift */,
			);
			path = Extension;
			sourceTree = "<group>";
		};
		624BB0CB2A652EAD002A3109 /* GoalSettingScene */ = {
			isa = PBXGroup;
			children = (
				624BB0CC2A652EC8002A3109 /* GoalSettingCoordinator.swift */,
				624BB0D02A6530C0002A3109 /* GoalSettingFlowProtocol.swift */,
				624BB0D22A653299002A3109 /* GoalSettingViewController.swift */,
				624BB0E62A67BFB6002A3109 /* GoalSettingViewModel.swift */,
			);
			path = GoalSettingScene;
			sourceTree = "<group>";
		};
		624BB0D72A666301002A3109 /* Common */ = {
			isa = PBXGroup;
			children = (
				624BB0D82A666342002A3109 /* LottoDiaryTextField.swift */,
			);
			path = Common;
			sourceTree = "<group>";
		};
		624BB0DA2A67B2C1002A3109 /* Domain */ = {
			isa = PBXGroup;
			children = (
				624BB0DB2A67B2D9002A3109 /* UseCase */,
			);
			path = Domain;
			sourceTree = "<group>";
		};
		624BB0DB2A67B2D9002A3109 /* UseCase */ = {
			isa = PBXGroup;
			children = (
				624BB0DC2A67B2E9002A3109 /* Account */,
			);
			path = UseCase;
			sourceTree = "<group>";
		};
		624BB0DC2A67B2E9002A3109 /* Account */ = {
			isa = PBXGroup;
			children = (
				624BB0DD2A67B307002A3109 /* Protocol */,
				624BB0E42A67B9CA002A3109 /* DefaultGoalSettingUseCase.swift */,
			);
			path = Account;
			sourceTree = "<group>";
		};
		624BB0DD2A67B307002A3109 /* Protocol */ = {
			isa = PBXGroup;
			children = (
				624BB0DE2A67B319002A3109 /* GoalSettingUseCase.swift */,
			);
			path = Protocol;
			sourceTree = "<group>";
		};
		624BB0E02A67B4A1002A3109 /* Util */ = {
			isa = PBXGroup;
			children = (
				624BB0E12A67B4A6002A3109 /* Constant */,
			);
			path = Util;
			sourceTree = "<group>";
		};
		624BB0E12A67B4A6002A3109 /* Constant */ = {
			isa = PBXGroup;
			children = (
				624BB0E22A67B4BC002A3109 /* NickNameValidationState.swift */,
				624BB0EA2A67F014002A3109 /* GoalAmountValidationState.swift */,
				624BB0EE2A6903DA002A3109 /* NotificationCycle.swift */,
			);
			path = Constant;
			sourceTree = "<group>";
		};
		629C1F462A4ABD0F00540FA4 = {
			isa = PBXGroup;
			children = (
				629C1F512A4ABD0F00540FA4 /* LottoDairy */,
				629C1F502A4ABD0F00540FA4 /* Products */,
			);
			sourceTree = "<group>";
		};
		629C1F502A4ABD0F00540FA4 /* Products */ = {
			isa = PBXGroup;
			children = (
				629C1F4F2A4ABD0F00540FA4 /* LottoDairy.app */,
			);
			name = Products;
			sourceTree = "<group>";
		};
		629C1F512A4ABD0F00540FA4 /* LottoDairy */ = {
			isa = PBXGroup;
			children = (
				624BB0E02A67B4A1002A3109 /* Util */,
				624BB0DA2A67B2C1002A3109 /* Domain */,
				624BB0D72A666301002A3109 /* Common */,
				6215034F2A5E6EB300431BBB /* Support */,
				6215032B2A4EBAD600431BBB /* Resource */,
				621503262A4EB91900431BBB /* Coordinator */,
				80603AD22A4AC6F1003D5274 /* Application */,
				6215033D2A5BE91A00431BBB /* OnboardingScene */,
				624BB0CB2A652EAD002A3109 /* GoalSettingScene */,
				621503312A559C7300431BBB /* TabBarScene */,
				80773A6C2A55AE8C0020F1DD /* HomeScene */,
				629C1F632A4ABD1000540FA4 /* Info.plist */,
				629C1F5B2A4ABD0F00540FA4 /* LottoDairy.xcdatamodeld */,
			);
			path = LottoDairy;
			sourceTree = "<group>";
		};
		80603AD22A4AC6F1003D5274 /* Application */ = {
			isa = PBXGroup;
			children = (
				629C1F522A4ABD0F00540FA4 /* AppDelegate.swift */,
				629C1F542A4ABD0F00540FA4 /* SceneDelegate.swift */,
				80603AD92A4E6FE2003D5274 /* AppCoordinator.swift */,
			);
			path = Application;
			sourceTree = "<group>";
		};
		80773A6C2A55AE8C0020F1DD /* HomeScene */ = {
			isa = PBXGroup;
			children = (
				80773A6D2A55AE9E0020F1DD /* HomeCoordinator.swift */,
				80773A6F2A55AF770020F1DD /* HomeViewController.swift */,
				80773A712A55AFF80020F1DD /* HomeFlowProtocol.swift */,
			);
			path = HomeScene;
			sourceTree = "<group>";
		};
/* End PBXGroup section */

/* Begin PBXNativeTarget section */
		629C1F4E2A4ABD0F00540FA4 /* LottoDairy */ = {
			isa = PBXNativeTarget;
			buildConfigurationList = 629C1F662A4ABD1000540FA4 /* Build configuration list for PBXNativeTarget "LottoDairy" */;
			buildPhases = (
				629C1F4B2A4ABD0F00540FA4 /* Sources */,
				629C1F4C2A4ABD0F00540FA4 /* Frameworks */,
				629C1F4D2A4ABD0F00540FA4 /* Resources */,
			);
			buildRules = (
			);
			dependencies = (
			);
			name = LottoDairy;
			productName = LottoDairy;
			productReference = 629C1F4F2A4ABD0F00540FA4 /* LottoDairy.app */;
			productType = "com.apple.product-type.application";
		};
/* End PBXNativeTarget section */

/* Begin PBXProject section */
		629C1F472A4ABD0F00540FA4 /* Project object */ = {
			isa = PBXProject;
			attributes = {
				BuildIndependentTargetsInParallel = 1;
				LastSwiftUpdateCheck = 1430;
				LastUpgradeCheck = 1430;
				TargetAttributes = {
					629C1F4E2A4ABD0F00540FA4 = {
						CreatedOnToolsVersion = 14.3.1;
					};
				};
			};
			buildConfigurationList = 629C1F4A2A4ABD0F00540FA4 /* Build configuration list for PBXProject "LottoDairy" */;
			compatibilityVersion = "Xcode 14.0";
			developmentRegion = en;
			hasScannedForEncodings = 0;
			knownRegions = (
				en,
				Base,
			);
			mainGroup = 629C1F462A4ABD0F00540FA4;
			productRefGroup = 629C1F502A4ABD0F00540FA4 /* Products */;
			projectDirPath = "";
			projectRoot = "";
			targets = (
				629C1F4E2A4ABD0F00540FA4 /* LottoDairy */,
			);
		};
/* End PBXProject section */

/* Begin PBXResourcesBuildPhase section */
		629C1F4D2A4ABD0F00540FA4 /* Resources */ = {
			isa = PBXResourcesBuildPhase;
			buildActionMask = 2147483647;
			files = (
				6215034C2A5E699C00431BBB /* gmarketSansTTFLight.ttf in Resources */,
				629C1F622A4ABD1000540FA4 /* LaunchScreen.storyboard in Resources */,
				629C1F5F2A4ABD1000540FA4 /* Assets.xcassets in Resources */,
				621503542A5E7AC700431BBB /* Colors.xcassets in Resources */,
				6215034D2A5E699C00431BBB /* gmarketSansTTFMedium.ttf in Resources */,
				6215034E2A5E699C00431BBB /* gmarketSansTTFBold.ttf in Resources */,
			);
			runOnlyForDeploymentPostprocessing = 0;
		};
/* End PBXResourcesBuildPhase section */

/* Begin PBXSourcesBuildPhase section */
		629C1F4B2A4ABD0F00540FA4 /* Sources */ = {
			isa = PBXSourcesBuildPhase;
			buildActionMask = 2147483647;
			files = (
				80773A742A55B99E0020F1DD /* HomeModuleFactory.swift in Sources */,
				621503302A559BB200431BBB /* CoordinatorFactoryImp.swift in Sources */,
				624BB0CF2A652FB9002A3109 /* GoalSettingModuleFactory.swift in Sources */,
				624BB0D12A6530C0002A3109 /* GoalSettingFlowProtocol.swift in Sources */,
				621503332A559C9600431BBB /* TabBarController.swift in Sources */,
				624BB0D32A653299002A3109 /* GoalSettingViewController.swift in Sources */,
				80773A6E2A55AE9E0020F1DD /* HomeCoordinator.swift in Sources */,
				6215035A2A5E8EBB00431BBB /* OnboardingViewModel.swift in Sources */,
				624BB0D92A666342002A3109 /* LottoDiaryTextField.swift in Sources */,
				621503472A5BF12900431BBB /* OnboardingViewController.swift in Sources */,
				621503452A5BF06100431BBB /* OnboardingFlowProtocol.swift in Sources */,
				6215031F2A4E792700431BBB /* Presentable.swift in Sources */,
				624BB0E92A67EED2002A3109 /* String+Extensions.swift in Sources */,
				624BB0E32A67B4BC002A3109 /* NickNameValidationState.swift in Sources */,
				624BB0CD2A652EC8002A3109 /* GoalSettingCoordinator.swift in Sources */,
				624BB0E52A67B9CA002A3109 /* DefaultGoalSettingUseCase.swift in Sources */,
				80773A702A55AF770020F1DD /* HomeViewController.swift in Sources */,
				621503232A4E7CAE00431BBB /* Router.swift in Sources */,
				624BB0ED2A67F73B002A3109 /* Int+Extensions.swift in Sources */,
				621503582A5E8E2300431BBB /* UIControl+Extensions.swift in Sources */,
				629C1F532A4ABD0F00540FA4 /* AppDelegate.swift in Sources */,
				621503522A5E6EC900431BBB /* UIFont+Extensions.swift in Sources */,
				624BB0EB2A67F014002A3109 /* GoalAmountValidationState.swift in Sources */,
				621503562A5E7B0500431BBB /* UIColor+Extensions.swift in Sources */,
				80603AD62A4AC839003D5274 /* Coordinator.swift in Sources */,
				624BB0EF2A6903DA002A3109 /* NotificationCycle.swift in Sources */,
				80773A762A55BA1C0020F1DD /* ModuleFactoryImp.swift in Sources */,
				80603AD82A4AC874003D5274 /* BaseCoordinator.swift in Sources */,
				629C1F5D2A4ABD0F00540FA4 /* LottoDairy.xcdatamodeld in Sources */,
				621503372A55A44900431BBB /* TabBarFlowProtocol.swift in Sources */,
				624BB0E72A67BFB6002A3109 /* GoalSettingViewModel.swift in Sources */,
				621503432A5BEF0400431BBB /* OnboardingModuleFactory.swift in Sources */,
				621503212A4E79D000431BBB /* CoordinatorFactory.swift in Sources */,
				6215033F2A5BE93500431BBB /* OnboardingCoordinator.swift in Sources */,
				80603ADE2A4E9FB0003D5274 /* RouterImp.swift in Sources */,
				629C1F552A4ABD0F00540FA4 /* SceneDelegate.swift in Sources */,
				621503352A559CB800431BBB /* TabBarCoordinator.swift in Sources */,
				80603ADA2A4E6FE2003D5274 /* AppCoordinator.swift in Sources */,
				80773A722A55AFF80020F1DD /* HomeFlowProtocol.swift in Sources */,
				624BB0DF2A67B319002A3109 /* GoalSettingUseCase.swift in Sources */,
			);
			runOnlyForDeploymentPostprocessing = 0;
		};
/* End PBXSourcesBuildPhase section */

/* Begin PBXVariantGroup section */
		629C1F602A4ABD1000540FA4 /* LaunchScreen.storyboard */ = {
			isa = PBXVariantGroup;
			children = (
				629C1F612A4ABD1000540FA4 /* Base */,
			);
			name = LaunchScreen.storyboard;
			sourceTree = "<group>";
		};
/* End PBXVariantGroup section */

/* Begin XCBuildConfiguration section */
		629C1F642A4ABD1000540FA4 /* Debug */ = {
			isa = XCBuildConfiguration;
			buildSettings = {
				ALWAYS_SEARCH_USER_PATHS = NO;
				CLANG_ANALYZER_NONNULL = YES;
				CLANG_ANALYZER_NUMBER_OBJECT_CONVERSION = YES_AGGRESSIVE;
				CLANG_CXX_LANGUAGE_STANDARD = "gnu++20";
				CLANG_ENABLE_MODULES = YES;
				CLANG_ENABLE_OBJC_ARC = YES;
				CLANG_ENABLE_OBJC_WEAK = YES;
				CLANG_WARN_BLOCK_CAPTURE_AUTORELEASING = YES;
				CLANG_WARN_BOOL_CONVERSION = YES;
				CLANG_WARN_COMMA = YES;
				CLANG_WARN_CONSTANT_CONVERSION = YES;
				CLANG_WARN_DEPRECATED_OBJC_IMPLEMENTATIONS = YES;
				CLANG_WARN_DIRECT_OBJC_ISA_USAGE = YES_ERROR;
				CLANG_WARN_DOCUMENTATION_COMMENTS = YES;
				CLANG_WARN_EMPTY_BODY = YES;
				CLANG_WARN_ENUM_CONVERSION = YES;
				CLANG_WARN_INFINITE_RECURSION = YES;
				CLANG_WARN_INT_CONVERSION = YES;
				CLANG_WARN_NON_LITERAL_NULL_CONVERSION = YES;
				CLANG_WARN_OBJC_IMPLICIT_RETAIN_SELF = YES;
				CLANG_WARN_OBJC_LITERAL_CONVERSION = YES;
				CLANG_WARN_OBJC_ROOT_CLASS = YES_ERROR;
				CLANG_WARN_QUOTED_INCLUDE_IN_FRAMEWORK_HEADER = YES;
				CLANG_WARN_RANGE_LOOP_ANALYSIS = YES;
				CLANG_WARN_STRICT_PROTOTYPES = YES;
				CLANG_WARN_SUSPICIOUS_MOVE = YES;
				CLANG_WARN_UNGUARDED_AVAILABILITY = YES_AGGRESSIVE;
				CLANG_WARN_UNREACHABLE_CODE = YES;
				CLANG_WARN__DUPLICATE_METHOD_MATCH = YES;
				COPY_PHASE_STRIP = NO;
				DEBUG_INFORMATION_FORMAT = dwarf;
				ENABLE_STRICT_OBJC_MSGSEND = YES;
				ENABLE_TESTABILITY = YES;
				GCC_C_LANGUAGE_STANDARD = gnu11;
				GCC_DYNAMIC_NO_PIC = NO;
				GCC_NO_COMMON_BLOCKS = YES;
				GCC_OPTIMIZATION_LEVEL = 0;
				GCC_PREPROCESSOR_DEFINITIONS = (
					"DEBUG=1",
					"$(inherited)",
				);
				GCC_WARN_64_TO_32_BIT_CONVERSION = YES;
				GCC_WARN_ABOUT_RETURN_TYPE = YES_ERROR;
				GCC_WARN_UNDECLARED_SELECTOR = YES;
				GCC_WARN_UNINITIALIZED_AUTOS = YES_AGGRESSIVE;
				GCC_WARN_UNUSED_FUNCTION = YES;
				GCC_WARN_UNUSED_VARIABLE = YES;
				IPHONEOS_DEPLOYMENT_TARGET = 16.4;
				MTL_ENABLE_DEBUG_INFO = INCLUDE_SOURCE;
				MTL_FAST_MATH = YES;
				ONLY_ACTIVE_ARCH = YES;
				SDKROOT = iphoneos;
				SWIFT_ACTIVE_COMPILATION_CONDITIONS = DEBUG;
				SWIFT_OPTIMIZATION_LEVEL = "-Onone";
			};
			name = Debug;
		};
		629C1F652A4ABD1000540FA4 /* Release */ = {
			isa = XCBuildConfiguration;
			buildSettings = {
				ALWAYS_SEARCH_USER_PATHS = NO;
				CLANG_ANALYZER_NONNULL = YES;
				CLANG_ANALYZER_NUMBER_OBJECT_CONVERSION = YES_AGGRESSIVE;
				CLANG_CXX_LANGUAGE_STANDARD = "gnu++20";
				CLANG_ENABLE_MODULES = YES;
				CLANG_ENABLE_OBJC_ARC = YES;
				CLANG_ENABLE_OBJC_WEAK = YES;
				CLANG_WARN_BLOCK_CAPTURE_AUTORELEASING = YES;
				CLANG_WARN_BOOL_CONVERSION = YES;
				CLANG_WARN_COMMA = YES;
				CLANG_WARN_CONSTANT_CONVERSION = YES;
				CLANG_WARN_DEPRECATED_OBJC_IMPLEMENTATIONS = YES;
				CLANG_WARN_DIRECT_OBJC_ISA_USAGE = YES_ERROR;
				CLANG_WARN_DOCUMENTATION_COMMENTS = YES;
				CLANG_WARN_EMPTY_BODY = YES;
				CLANG_WARN_ENUM_CONVERSION = YES;
				CLANG_WARN_INFINITE_RECURSION = YES;
				CLANG_WARN_INT_CONVERSION = YES;
				CLANG_WARN_NON_LITERAL_NULL_CONVERSION = YES;
				CLANG_WARN_OBJC_IMPLICIT_RETAIN_SELF = YES;
				CLANG_WARN_OBJC_LITERAL_CONVERSION = YES;
				CLANG_WARN_OBJC_ROOT_CLASS = YES_ERROR;
				CLANG_WARN_QUOTED_INCLUDE_IN_FRAMEWORK_HEADER = YES;
				CLANG_WARN_RANGE_LOOP_ANALYSIS = YES;
				CLANG_WARN_STRICT_PROTOTYPES = YES;
				CLANG_WARN_SUSPICIOUS_MOVE = YES;
				CLANG_WARN_UNGUARDED_AVAILABILITY = YES_AGGRESSIVE;
				CLANG_WARN_UNREACHABLE_CODE = YES;
				CLANG_WARN__DUPLICATE_METHOD_MATCH = YES;
				COPY_PHASE_STRIP = NO;
				DEBUG_INFORMATION_FORMAT = "dwarf-with-dsym";
				ENABLE_NS_ASSERTIONS = NO;
				ENABLE_STRICT_OBJC_MSGSEND = YES;
				GCC_C_LANGUAGE_STANDARD = gnu11;
				GCC_NO_COMMON_BLOCKS = YES;
				GCC_WARN_64_TO_32_BIT_CONVERSION = YES;
				GCC_WARN_ABOUT_RETURN_TYPE = YES_ERROR;
				GCC_WARN_UNDECLARED_SELECTOR = YES;
				GCC_WARN_UNINITIALIZED_AUTOS = YES_AGGRESSIVE;
				GCC_WARN_UNUSED_FUNCTION = YES;
				GCC_WARN_UNUSED_VARIABLE = YES;
				IPHONEOS_DEPLOYMENT_TARGET = 16.4;
				MTL_ENABLE_DEBUG_INFO = NO;
				MTL_FAST_MATH = YES;
				SDKROOT = iphoneos;
				SWIFT_COMPILATION_MODE = wholemodule;
				SWIFT_OPTIMIZATION_LEVEL = "-O";
				VALIDATE_PRODUCT = YES;
			};
			name = Release;
		};
		629C1F672A4ABD1000540FA4 /* Debug */ = {
			isa = XCBuildConfiguration;
			buildSettings = {
				ASSETCATALOG_COMPILER_APPICON_NAME = AppIcon;
				ASSETCATALOG_COMPILER_GLOBAL_ACCENT_COLOR_NAME = AccentColor;
				CODE_SIGN_STYLE = Automatic;
				CURRENT_PROJECT_VERSION = 1;
				GENERATE_INFOPLIST_FILE = YES;
				INFOPLIST_FILE = LottoDairy/Info.plist;
				INFOPLIST_KEY_UIApplicationSupportsIndirectInputEvents = YES;
				INFOPLIST_KEY_UILaunchStoryboardName = LaunchScreen;
				INFOPLIST_KEY_UISupportedInterfaceOrientations_iPad = "UIInterfaceOrientationPortrait UIInterfaceOrientationPortraitUpsideDown UIInterfaceOrientationLandscapeLeft UIInterfaceOrientationLandscapeRight";
				INFOPLIST_KEY_UISupportedInterfaceOrientations_iPhone = "UIInterfaceOrientationPortrait UIInterfaceOrientationLandscapeLeft UIInterfaceOrientationLandscapeRight";
				IPHONEOS_DEPLOYMENT_TARGET = 14.0;
				LD_RUNPATH_SEARCH_PATHS = (
					"$(inherited)",
					"@executable_path/Frameworks",
				);
				MARKETING_VERSION = 1.0;
				PRODUCT_BUNDLE_IDENTIFIER = com.seunghyun.LottoDairy;
				PRODUCT_NAME = "$(TARGET_NAME)";
				SWIFT_EMIT_LOC_STRINGS = YES;
				SWIFT_VERSION = 5.0;
				TARGETED_DEVICE_FAMILY = "1,2";
			};
			name = Debug;
		};
		629C1F682A4ABD1000540FA4 /* Release */ = {
			isa = XCBuildConfiguration;
			buildSettings = {
				ASSETCATALOG_COMPILER_APPICON_NAME = AppIcon;
				ASSETCATALOG_COMPILER_GLOBAL_ACCENT_COLOR_NAME = AccentColor;
				CODE_SIGN_STYLE = Automatic;
				CURRENT_PROJECT_VERSION = 1;
				GENERATE_INFOPLIST_FILE = YES;
				INFOPLIST_FILE = LottoDairy/Info.plist;
				INFOPLIST_KEY_UIApplicationSupportsIndirectInputEvents = YES;
				INFOPLIST_KEY_UILaunchStoryboardName = LaunchScreen;
				INFOPLIST_KEY_UISupportedInterfaceOrientations_iPad = "UIInterfaceOrientationPortrait UIInterfaceOrientationPortraitUpsideDown UIInterfaceOrientationLandscapeLeft UIInterfaceOrientationLandscapeRight";
				INFOPLIST_KEY_UISupportedInterfaceOrientations_iPhone = "UIInterfaceOrientationPortrait UIInterfaceOrientationLandscapeLeft UIInterfaceOrientationLandscapeRight";
				IPHONEOS_DEPLOYMENT_TARGET = 14.0;
				LD_RUNPATH_SEARCH_PATHS = (
					"$(inherited)",
					"@executable_path/Frameworks",
				);
				MARKETING_VERSION = 1.0;
				PRODUCT_BUNDLE_IDENTIFIER = com.seunghyun.LottoDairy;
				PRODUCT_NAME = "$(TARGET_NAME)";
				SWIFT_EMIT_LOC_STRINGS = YES;
				SWIFT_VERSION = 5.0;
				TARGETED_DEVICE_FAMILY = "1,2";
			};
			name = Release;
		};
/* End XCBuildConfiguration section */

/* Begin XCConfigurationList section */
		629C1F4A2A4ABD0F00540FA4 /* Build configuration list for PBXProject "LottoDairy" */ = {
			isa = XCConfigurationList;
			buildConfigurations = (
				629C1F642A4ABD1000540FA4 /* Debug */,
				629C1F652A4ABD1000540FA4 /* Release */,
			);
			defaultConfigurationIsVisible = 0;
			defaultConfigurationName = Release;
		};
		629C1F662A4ABD1000540FA4 /* Build configuration list for PBXNativeTarget "LottoDairy" */ = {
			isa = XCConfigurationList;
			buildConfigurations = (
				629C1F672A4ABD1000540FA4 /* Debug */,
				629C1F682A4ABD1000540FA4 /* Release */,
			);
			defaultConfigurationIsVisible = 0;
			defaultConfigurationName = Release;
		};
/* End XCConfigurationList section */

/* Begin XCVersionGroup section */
		629C1F5B2A4ABD0F00540FA4 /* LottoDairy.xcdatamodeld */ = {
			isa = XCVersionGroup;
			children = (
				629C1F5C2A4ABD0F00540FA4 /* LottoDairy.xcdatamodel */,
			);
			currentVersion = 629C1F5C2A4ABD0F00540FA4 /* LottoDairy.xcdatamodel */;
			path = LottoDairy.xcdatamodeld;
			sourceTree = "<group>";
			versionGroupType = wrapper.xcdatamodel;
		};
/* End XCVersionGroup section */
	};
	rootObject = 629C1F472A4ABD0F00540FA4 /* Project object */;
}
