// !$*UTF8*$!
{
	archiveVersion = 1;
	classes = {
	};
	objectVersion = 56;
	objects = {

/* Begin PBXBuildFile section */
		6215031F2A4E792700431BBB /* Presentable.swift in Sources */ = {isa = PBXBuildFile; fileRef = 6215031E2A4E792700431BBB /* Presentable.swift */; };
		621503212A4E79D000431BBB /* CoordinatorFactory.swift in Sources */ = {isa = PBXBuildFile; fileRef = 621503202A4E79D000431BBB /* CoordinatorFactory.swift */; };
		621503232A4E7CAE00431BBB /* Router.swift in Sources */ = {isa = PBXBuildFile; fileRef = 621503222A4E7CAE00431BBB /* Router.swift */; };
		621503302A559BB200431BBB /* CoordinatorFactoryImp.swift in Sources */ = {isa = PBXBuildFile; fileRef = 6215032F2A559BB200431BBB /* CoordinatorFactoryImp.swift */; };
		621503332A559C9600431BBB /* TabBarController.swift in Sources */ = {isa = PBXBuildFile; fileRef = 621503322A559C9600431BBB /* TabBarController.swift */; };
		621503352A559CB800431BBB /* TabBarCoordinator.swift in Sources */ = {isa = PBXBuildFile; fileRef = 621503342A559CB800431BBB /* TabBarCoordinator.swift */; };
		621503372A55A44900431BBB /* TabBarFlowProtocol.swift in Sources */ = {isa = PBXBuildFile; fileRef = 621503362A55A44900431BBB /* TabBarFlowProtocol.swift */; };
		6215033F2A5BE93500431BBB /* OnboardingCoordinator.swift in Sources */ = {isa = PBXBuildFile; fileRef = 6215033E2A5BE93500431BBB /* OnboardingCoordinator.swift */; };
		621503432A5BEF0400431BBB /* OnboardingModuleFactory.swift in Sources */ = {isa = PBXBuildFile; fileRef = 621503422A5BEF0400431BBB /* OnboardingModuleFactory.swift */; };
		621503452A5BF06100431BBB /* OnboardingFlowProtocol.swift in Sources */ = {isa = PBXBuildFile; fileRef = 621503442A5BF06100431BBB /* OnboardingFlowProtocol.swift */; };
		621503472A5BF12900431BBB /* OnboardingViewController.swift in Sources */ = {isa = PBXBuildFile; fileRef = 621503462A5BF12900431BBB /* OnboardingViewController.swift */; };
		6215034C2A5E699C00431BBB /* gmarketSansTTFLight.ttf in Resources */ = {isa = PBXBuildFile; fileRef = 621503492A5E699C00431BBB /* gmarketSansTTFLight.ttf */; };
		6215034D2A5E699C00431BBB /* gmarketSansTTFMedium.ttf in Resources */ = {isa = PBXBuildFile; fileRef = 6215034A2A5E699C00431BBB /* gmarketSansTTFMedium.ttf */; };
		6215034E2A5E699C00431BBB /* gmarketSansTTFBold.ttf in Resources */ = {isa = PBXBuildFile; fileRef = 6215034B2A5E699C00431BBB /* gmarketSansTTFBold.ttf */; };
		621503522A5E6EC900431BBB /* UIFont+Extensions.swift in Sources */ = {isa = PBXBuildFile; fileRef = 621503512A5E6EC900431BBB /* UIFont+Extensions.swift */; };
		621503542A5E7AC700431BBB /* Colors.xcassets in Resources */ = {isa = PBXBuildFile; fileRef = 621503532A5E7AC700431BBB /* Colors.xcassets */; };
		621503562A5E7B0500431BBB /* UIColor+Extensions.swift in Sources */ = {isa = PBXBuildFile; fileRef = 621503552A5E7B0500431BBB /* UIColor+Extensions.swift */; };
		621503582A5E8E2300431BBB /* UIControl+Extensions.swift in Sources */ = {isa = PBXBuildFile; fileRef = 621503572A5E8E2300431BBB /* UIControl+Extensions.swift */; };
		6215035A2A5E8EBB00431BBB /* OnboardingViewModel.swift in Sources */ = {isa = PBXBuildFile; fileRef = 621503592A5E8EBB00431BBB /* OnboardingViewModel.swift */; };
		624628932A8F39BB00ADE103 /* DateCellViewModel.swift in Sources */ = {isa = PBXBuildFile; fileRef = 624628922A8F39BB00ADE103 /* DateCellViewModel.swift */; };
		624628952A8F3DFE00ADE103 /* CalendarHeaderView.swift in Sources */ = {isa = PBXBuildFile; fileRef = 624628942A8F3DFE00ADE103 /* CalendarHeaderView.swift */; };
		624628992A8F772400ADE103 /* YearAndMonthView.swift in Sources */ = {isa = PBXBuildFile; fileRef = 624628982A8F772400ADE103 /* YearAndMonthView.swift */; };
		624628DC2AAB2E9E00ADE103 /* ScopeButton.swift in Sources */ = {isa = PBXBuildFile; fileRef = 624628DB2AAB2E9E00ADE103 /* ScopeButton.swift */; };
		624BB0CD2A652EC8002A3109 /* GoalSettingCoordinator.swift in Sources */ = {isa = PBXBuildFile; fileRef = 624BB0CC2A652EC8002A3109 /* GoalSettingCoordinator.swift */; };
		624BB0CF2A652FB9002A3109 /* GoalSettingModuleFactory.swift in Sources */ = {isa = PBXBuildFile; fileRef = 624BB0CE2A652FB9002A3109 /* GoalSettingModuleFactory.swift */; };
		624BB0D12A6530C0002A3109 /* GoalSettingFlowProtocol.swift in Sources */ = {isa = PBXBuildFile; fileRef = 624BB0D02A6530C0002A3109 /* GoalSettingFlowProtocol.swift */; };
		624BB0D32A653299002A3109 /* GoalSettingViewController.swift in Sources */ = {isa = PBXBuildFile; fileRef = 624BB0D22A653299002A3109 /* GoalSettingViewController.swift */; };
		624BB0D92A666342002A3109 /* LottoDiaryTextField.swift in Sources */ = {isa = PBXBuildFile; fileRef = 624BB0D82A666342002A3109 /* LottoDiaryTextField.swift */; };
		624BB0DF2A67B319002A3109 /* GoalSettingUseCase.swift in Sources */ = {isa = PBXBuildFile; fileRef = 624BB0DE2A67B319002A3109 /* GoalSettingUseCase.swift */; };
		624BB0E32A67B4BC002A3109 /* NickNameValidationState.swift in Sources */ = {isa = PBXBuildFile; fileRef = 624BB0E22A67B4BC002A3109 /* NickNameValidationState.swift */; };
		624BB0E52A67B9CA002A3109 /* DefaultGoalSettingUseCase.swift in Sources */ = {isa = PBXBuildFile; fileRef = 624BB0E42A67B9CA002A3109 /* DefaultGoalSettingUseCase.swift */; };
		624BB0E72A67BFB6002A3109 /* GoalSettingViewModel.swift in Sources */ = {isa = PBXBuildFile; fileRef = 624BB0E62A67BFB6002A3109 /* GoalSettingViewModel.swift */; };
		624BB0E92A67EED2002A3109 /* String+Extensions.swift in Sources */ = {isa = PBXBuildFile; fileRef = 624BB0E82A67EED2002A3109 /* String+Extensions.swift */; };
		624BB0EB2A67F014002A3109 /* GoalAmountValidationState.swift in Sources */ = {isa = PBXBuildFile; fileRef = 624BB0EA2A67F014002A3109 /* GoalAmountValidationState.swift */; };
		624BB0ED2A67F73B002A3109 /* Int+Extensions.swift in Sources */ = {isa = PBXBuildFile; fileRef = 624BB0EC2A67F73B002A3109 /* Int+Extensions.swift */; };
		624BB0EF2A6903DA002A3109 /* NotificationCycle.swift in Sources */ = {isa = PBXBuildFile; fileRef = 624BB0EE2A6903DA002A3109 /* NotificationCycle.swift */; };
		6251410C2AB458DD00E9E5C3 /* Lotto.swift in Sources */ = {isa = PBXBuildFile; fileRef = 6251410B2AB458DD00E9E5C3 /* Lotto.swift */; };
		6251410E2AB4595400E9E5C3 /* LottoType.swift in Sources */ = {isa = PBXBuildFile; fileRef = 6251410D2AB4595400E9E5C3 /* LottoType.swift */; };
		625141102AB45D0A00E9E5C3 /* AddLottoUseCase.swift in Sources */ = {isa = PBXBuildFile; fileRef = 6251410F2AB45D0A00E9E5C3 /* AddLottoUseCase.swift */; };
		625141132AB4606A00E9E5C3 /* AddLottoValidationUseCase.swift in Sources */ = {isa = PBXBuildFile; fileRef = 625141122AB4606A00E9E5C3 /* AddLottoValidationUseCase.swift */; };
		625141152AB462AE00E9E5C3 /* PurchaseAmountValidationState.swift in Sources */ = {isa = PBXBuildFile; fileRef = 625141142AB462AE00E9E5C3 /* PurchaseAmountValidationState.swift */; };
		625141172AB463BF00E9E5C3 /* WinningAmountValidationState.swift in Sources */ = {isa = PBXBuildFile; fileRef = 625141162AB463BF00E9E5C3 /* WinningAmountValidationState.swift */; };
		625141192AB466E600E9E5C3 /* DefaultAddLottoUseCase.swift in Sources */ = {isa = PBXBuildFile; fileRef = 625141182AB466E600E9E5C3 /* DefaultAddLottoUseCase.swift */; };
		6251411B2AB4689A00E9E5C3 /* DefaultAddLottoValidationUseCase.swift in Sources */ = {isa = PBXBuildFile; fileRef = 6251411A2AB4689A00E9E5C3 /* DefaultAddLottoValidationUseCase.swift */; };
		6251411D2AB46CA300E9E5C3 /* AddLottoViewModel.swift in Sources */ = {isa = PBXBuildFile; fileRef = 6251411C2AB46CA300E9E5C3 /* AddLottoViewModel.swift */; };
		626845302A6BE38700569D02 /* UserDefaultsPersistenceServiceProtocol.swift in Sources */ = {isa = PBXBuildFile; fileRef = 6268452F2A6BE38700569D02 /* UserDefaultsPersistenceServiceProtocol.swift */; };
		626845342A6BE71C00569D02 /* UserDefaultsPersistenceService.swift in Sources */ = {isa = PBXBuildFile; fileRef = 626845332A6BE71C00569D02 /* UserDefaultsPersistenceService.swift */; };
		626845392A6BEBDE00569D02 /* UserRepository.swift in Sources */ = {isa = PBXBuildFile; fileRef = 626845382A6BEBDE00569D02 /* UserRepository.swift */; };
		6268453B2A6BEC4400569D02 /* DefaultUserRepository.swift in Sources */ = {isa = PBXBuildFile; fileRef = 6268453A2A6BEC4400569D02 /* DefaultUserRepository.swift */; };
		6268453D2A6BECE800569D02 /* UserDefaults+Extensions.swift in Sources */ = {isa = PBXBuildFile; fileRef = 6268453C2A6BECE800569D02 /* UserDefaults+Extensions.swift */; };
		6270BEF62A77A18000950181 /* GoalSettingValidationUseCase.swift in Sources */ = {isa = PBXBuildFile; fileRef = 6270BEF52A77A18000950181 /* GoalSettingValidationUseCase.swift */; };
		6270BEF82A77A1EA00950181 /* DefaultGoalSettingValidationUseCase.swift in Sources */ = {isa = PBXBuildFile; fileRef = 6270BEF72A77A1EA00950181 /* DefaultGoalSettingValidationUseCase.swift */; };
		629C1F532A4ABD0F00540FA4 /* AppDelegate.swift in Sources */ = {isa = PBXBuildFile; fileRef = 629C1F522A4ABD0F00540FA4 /* AppDelegate.swift */; };
		629C1F552A4ABD0F00540FA4 /* SceneDelegate.swift in Sources */ = {isa = PBXBuildFile; fileRef = 629C1F542A4ABD0F00540FA4 /* SceneDelegate.swift */; };
		629C1F5D2A4ABD0F00540FA4 /* LottoDiaryModel.xcdatamodeld in Sources */ = {isa = PBXBuildFile; fileRef = 629C1F5B2A4ABD0F00540FA4 /* LottoDiaryModel.xcdatamodeld */; };
		629C1F5F2A4ABD1000540FA4 /* Assets.xcassets in Resources */ = {isa = PBXBuildFile; fileRef = 629C1F5E2A4ABD1000540FA4 /* Assets.xcassets */; };
		629C1F622A4ABD1000540FA4 /* LaunchScreen.storyboard in Resources */ = {isa = PBXBuildFile; fileRef = 629C1F602A4ABD1000540FA4 /* LaunchScreen.storyboard */; };
		62AFA0932A723C8B00C9D86C /* LottoLabel.swift in Sources */ = {isa = PBXBuildFile; fileRef = 62AFA0922A723C8B00C9D86C /* LottoLabel.swift */; };
		62AFA0962A7258B200C9D86C /* GoalAmountEntity+CoreDataClass.swift in Sources */ = {isa = PBXBuildFile; fileRef = 62AFA0942A7258B200C9D86C /* GoalAmountEntity+CoreDataClass.swift */; };
		62AFA0972A7258B200C9D86C /* GoalAmountEntity+CoreDataProperties.swift in Sources */ = {isa = PBXBuildFile; fileRef = 62AFA0952A7258B200C9D86C /* GoalAmountEntity+CoreDataProperties.swift */; };
		62AFA0992A72593100C9D86C /* CoreDataPersistenceServiceProtocol.swift in Sources */ = {isa = PBXBuildFile; fileRef = 62AFA0982A72593100C9D86C /* CoreDataPersistenceServiceProtocol.swift */; };
		62AFA09B2A7259F800C9D86C /* CoreDataPersistenceService.swift in Sources */ = {isa = PBXBuildFile; fileRef = 62AFA09A2A7259F800C9D86C /* CoreDataPersistenceService.swift */; };
		62AFA09D2A725B8F00C9D86C /* CoreDataGoalAmountEntityPersistenceServiceProtocol.swift in Sources */ = {isa = PBXBuildFile; fileRef = 62AFA09C2A725B8F00C9D86C /* CoreDataGoalAmountEntityPersistenceServiceProtocol.swift */; };
		62AFA09F2A725C7100C9D86C /* CoreDataGoalAmountEntityPersistenceService.swift in Sources */ = {isa = PBXBuildFile; fileRef = 62AFA09E2A725C7100C9D86C /* CoreDataGoalAmountEntityPersistenceService.swift */; };
		62CE39A02AB0772B009DFCD4 /* LottoCell.swift in Sources */ = {isa = PBXBuildFile; fileRef = 62CE399F2AB0772B009DFCD4 /* LottoCell.swift */; };
		62CE39A22AB08E0B009DFCD4 /* LottoCollectionVIewLayout.swift in Sources */ = {isa = PBXBuildFile; fileRef = 62CE39A12AB08E0B009DFCD4 /* LottoCollectionVIewLayout.swift */; };
		62FD3DCA2AB2E6E700C302F0 /* AddLottoFooterView.swift in Sources */ = {isa = PBXBuildFile; fileRef = 62FD3DC92AB2E6E700C302F0 /* AddLottoFooterView.swift */; };
		62FD3DCC2AB41F9400C302F0 /* AddLottoViewProtocol.swift in Sources */ = {isa = PBXBuildFile; fileRef = 62FD3DCB2AB41F9400C302F0 /* AddLottoViewProtocol.swift */; };
		62FD3DD02AB4208700C302F0 /* AddLottoViewController.swift in Sources */ = {isa = PBXBuildFile; fileRef = 62FD3DCF2AB4208700C302F0 /* AddLottoViewController.swift */; };
		62FD3DD22AB4291300C302F0 /* HalfModalPresentationController.swift in Sources */ = {isa = PBXBuildFile; fileRef = 62FD3DD12AB4291300C302F0 /* HalfModalPresentationController.swift */; };
		801766FE2AAEF8FF0046E537 /* ChartUseCase.swift in Sources */ = {isa = PBXBuildFile; fileRef = 801766FD2AAEF8FF0046E537 /* ChartUseCase.swift */; };
		801767002AAEF90F0046E537 /* DefaultChartUseCase.swift in Sources */ = {isa = PBXBuildFile; fileRef = 801766FF2AAEF90F0046E537 /* DefaultChartUseCase.swift */; };
		801767032AB030E70046E537 /* DGCharts in Frameworks */ = {isa = PBXBuildFile; productRef = 801767022AB030E70046E537 /* DGCharts */; };
		801767072AB036670046E537 /* Device.swift in Sources */ = {isa = PBXBuildFile; fileRef = 801767062AB036670046E537 /* Device.swift */; };
		805EA6BF2A9B1E1E00A3545C /* ChartViewController.swift in Sources */ = {isa = PBXBuildFile; fileRef = 805EA6BE2A9B1E1E00A3545C /* ChartViewController.swift */; };
		805EA6C12A9B1E3D00A3545C /* ChartCoordinator.swift in Sources */ = {isa = PBXBuildFile; fileRef = 805EA6C02A9B1E3D00A3545C /* ChartCoordinator.swift */; };
		805EA6C32A9B1E8D00A3545C /* ChartFlowProtocol.swift in Sources */ = {isa = PBXBuildFile; fileRef = 805EA6C22A9B1E8D00A3545C /* ChartFlowProtocol.swift */; };
		805EA6C52A9B1EB400A3545C /* ChartModuleFactory.swift in Sources */ = {isa = PBXBuildFile; fileRef = 805EA6C42A9B1EB400A3545C /* ChartModuleFactory.swift */; };
		805EA6C82AA2492900A3545C /* ChartInformationCell.swift in Sources */ = {isa = PBXBuildFile; fileRef = 805EA6C72AA2492800A3545C /* ChartInformationCell.swift */; };
		805EA6D22AA474C300A3545C /* ChartViewModel.swift in Sources */ = {isa = PBXBuildFile; fileRef = 805EA6D12AA474C300A3545C /* ChartViewModel.swift */; };
		805EA6D52AA475C600A3545C /* DefaultChartInformationUseCase.swift in Sources */ = {isa = PBXBuildFile; fileRef = 805EA6D42AA475C600A3545C /* DefaultChartInformationUseCase.swift */; };
		805EA6D82AA4761B00A3545C /* ChartInformationUseCase.swift in Sources */ = {isa = PBXBuildFile; fileRef = 805EA6D72AA4761B00A3545C /* ChartInformationUseCase.swift */; };
		805FA7072A6D834A00089070 /* LottoQRViewController.swift in Sources */ = {isa = PBXBuildFile; fileRef = 805FA7062A6D834A00089070 /* LottoQRViewController.swift */; };
		805FA7092A6D84DC00089070 /* LottoQRModuleFactory.swift in Sources */ = {isa = PBXBuildFile; fileRef = 805FA7082A6D84DC00089070 /* LottoQRModuleFactory.swift */; };
		805FA70B2A6D853400089070 /* LottoQRFlowProtocol.swift in Sources */ = {isa = PBXBuildFile; fileRef = 805FA70A2A6D853400089070 /* LottoQRFlowProtocol.swift */; };
		805FA70D2A6D856D00089070 /* LottoQRCoordinator.swift in Sources */ = {isa = PBXBuildFile; fileRef = 805FA70C2A6D856D00089070 /* LottoQRCoordinator.swift */; };
		80603AD62A4AC839003D5274 /* Coordinator.swift in Sources */ = {isa = PBXBuildFile; fileRef = 80603AD52A4AC839003D5274 /* Coordinator.swift */; };
		80603AD82A4AC874003D5274 /* BaseCoordinator.swift in Sources */ = {isa = PBXBuildFile; fileRef = 80603AD72A4AC874003D5274 /* BaseCoordinator.swift */; };
		80603ADA2A4E6FE2003D5274 /* AppCoordinator.swift in Sources */ = {isa = PBXBuildFile; fileRef = 80603AD92A4E6FE2003D5274 /* AppCoordinator.swift */; };
		80603ADE2A4E9FB0003D5274 /* RouterImp.swift in Sources */ = {isa = PBXBuildFile; fileRef = 80603ADD2A4E9FB0003D5274 /* RouterImp.swift */; };
		8060B41F2A61A66800726C83 /* LottoQRButton.swift in Sources */ = {isa = PBXBuildFile; fileRef = 8060B41E2A61A66800726C83 /* LottoQRButton.swift */; };
		8060B4212A62DC2C00726C83 /* UIButton+Extensions.swift in Sources */ = {isa = PBXBuildFile; fileRef = 8060B4202A62DC2C00726C83 /* UIButton+Extensions.swift */; };
		80773A6E2A55AE9E0020F1DD /* HomeCoordinator.swift in Sources */ = {isa = PBXBuildFile; fileRef = 80773A6D2A55AE9E0020F1DD /* HomeCoordinator.swift */; };
		80773A702A55AF770020F1DD /* HomeViewController.swift in Sources */ = {isa = PBXBuildFile; fileRef = 80773A6F2A55AF770020F1DD /* HomeViewController.swift */; };
		80773A722A55AFF80020F1DD /* HomeFlowProtocol.swift in Sources */ = {isa = PBXBuildFile; fileRef = 80773A712A55AFF80020F1DD /* HomeFlowProtocol.swift */; };
		80773A742A55B99E0020F1DD /* HomeModuleFactory.swift in Sources */ = {isa = PBXBuildFile; fileRef = 80773A732A55B99E0020F1DD /* HomeModuleFactory.swift */; };
		80773A762A55BA1C0020F1DD /* ModuleFactoryImp.swift in Sources */ = {isa = PBXBuildFile; fileRef = 80773A752A55BA1C0020F1DD /* ModuleFactoryImp.swift */; };
		807AAD5A2AAC30C000D338BF /* ChartComponents.swift in Sources */ = {isa = PBXBuildFile; fileRef = 807AAD592AAC30C000D338BF /* ChartComponents.swift */; };
		807AAD5C2AAC30DC00D338BF /* ChartInformationComponents.swift in Sources */ = {isa = PBXBuildFile; fileRef = 807AAD5B2AAC30DC00D338BF /* ChartInformationComponents.swift */; };
		8080DDBB2A604A0500364CF1 /* TabBarComponents.swift in Sources */ = {isa = PBXBuildFile; fileRef = 8080DDBA2A604A0500364CF1 /* TabBarComponents.swift */; };
		8080DDBE2A60540B00364CF1 /* TabBarView.swift in Sources */ = {isa = PBXBuildFile; fileRef = 8080DDBD2A60540B00364CF1 /* TabBarView.swift */; };
		80EB03322A72336400455E05 /* GmarketSansLabel.swift in Sources */ = {isa = PBXBuildFile; fileRef = 80EB03312A72336400455E05 /* GmarketSansLabel.swift */; };
		80EB03342A72370E00455E05 /* UIStackView+Extensions.swift in Sources */ = {isa = PBXBuildFile; fileRef = 80EB03332A72370E00455E05 /* UIStackView+Extensions.swift */; };
		80EB033C2A72CB8000455E05 /* UIView+Extensions.swift in Sources */ = {isa = PBXBuildFile; fileRef = 80EB033B2A72CB8000455E05 /* UIView+Extensions.swift */; };
		80EB033E2A72CF9A00455E05 /* DoubleLabelView.swift in Sources */ = {isa = PBXBuildFile; fileRef = 80EB033D2A72CF9A00455E05 /* DoubleLabelView.swift */; };
		80F90CD72A8D1CFE007E1D23 /* CalendarViewController.swift in Sources */ = {isa = PBXBuildFile; fileRef = 80F90CD62A8D1CFE007E1D23 /* CalendarViewController.swift */; };
		80F90CD92A8D1D96007E1D23 /* CalendarModuleFactory.swift in Sources */ = {isa = PBXBuildFile; fileRef = 80F90CD82A8D1D96007E1D23 /* CalendarModuleFactory.swift */; };
		80F90CDB2A8D1DD3007E1D23 /* CalendarFlowProtocol.swift in Sources */ = {isa = PBXBuildFile; fileRef = 80F90CDA2A8D1DD3007E1D23 /* CalendarFlowProtocol.swift */; };
		80F90CDD2A8D1F3A007E1D23 /* CalendarCoordinator.swift in Sources */ = {isa = PBXBuildFile; fileRef = 80F90CDC2A8D1F3A007E1D23 /* CalendarCoordinator.swift */; };
		80F90CE32A8D2419007E1D23 /* MonthComponent.swift in Sources */ = {isa = PBXBuildFile; fileRef = 80F90CE22A8D2419007E1D23 /* MonthComponent.swift */; };
		80F90CE82A8D2507007E1D23 /* Date+Extensions.swift in Sources */ = {isa = PBXBuildFile; fileRef = 80F90CE72A8D2507007E1D23 /* Date+Extensions.swift */; };
		80F90CEA2A8D2543007E1D23 /* DateComponent.swift in Sources */ = {isa = PBXBuildFile; fileRef = 80F90CE92A8D2543007E1D23 /* DateComponent.swift */; };
		80F90CED2A8D2C13007E1D23 /* CalendarUseCase.swift in Sources */ = {isa = PBXBuildFile; fileRef = 80F90CEC2A8D2C13007E1D23 /* CalendarUseCase.swift */; };
		80F90CEF2A8D2DBE007E1D23 /* DateCollectionViewCell.swift in Sources */ = {isa = PBXBuildFile; fileRef = 80F90CEE2A8D2DBE007E1D23 /* DateCollectionViewCell.swift */; };
		80F90CF12A8D2E29007E1D23 /* CalendarCollectionViewLayout.swift in Sources */ = {isa = PBXBuildFile; fileRef = 80F90CF02A8D2E29007E1D23 /* CalendarCollectionViewLayout.swift */; };
		80F90CF32A8D301D007E1D23 /* UICollectionView+Extensions.swift in Sources */ = {isa = PBXBuildFile; fileRef = 80F90CF22A8D301D007E1D23 /* UICollectionView+Extensions.swift */; };
		80F90CF52A8D3037007E1D23 /* UICollectionViewCell+Extensions.swift in Sources */ = {isa = PBXBuildFile; fileRef = 80F90CF42A8D3037007E1D23 /* UICollectionViewCell+Extensions.swift */; };
		80F90CF72A8D31B7007E1D23 /* DateCell.swift in Sources */ = {isa = PBXBuildFile; fileRef = 80F90CF62A8D31B7007E1D23 /* DateCell.swift */; };
		80F90CF92A8D32A6007E1D23 /* CalendarViewModel.swift in Sources */ = {isa = PBXBuildFile; fileRef = 80F90CF82A8D32A6007E1D23 /* CalendarViewModel.swift */; };
/* End PBXBuildFile section */

/* Begin PBXFileReference section */
		6215031E2A4E792700431BBB /* Presentable.swift */ = {isa = PBXFileReference; lastKnownFileType = sourcecode.swift; path = Presentable.swift; sourceTree = "<group>"; };
		621503202A4E79D000431BBB /* CoordinatorFactory.swift */ = {isa = PBXFileReference; lastKnownFileType = sourcecode.swift; path = CoordinatorFactory.swift; sourceTree = "<group>"; };
		621503222A4E7CAE00431BBB /* Router.swift */ = {isa = PBXFileReference; lastKnownFileType = sourcecode.swift; path = Router.swift; sourceTree = "<group>"; };
		6215032F2A559BB200431BBB /* CoordinatorFactoryImp.swift */ = {isa = PBXFileReference; lastKnownFileType = sourcecode.swift; path = CoordinatorFactoryImp.swift; sourceTree = "<group>"; };
		621503322A559C9600431BBB /* TabBarController.swift */ = {isa = PBXFileReference; lastKnownFileType = sourcecode.swift; path = TabBarController.swift; sourceTree = "<group>"; };
		621503342A559CB800431BBB /* TabBarCoordinator.swift */ = {isa = PBXFileReference; lastKnownFileType = sourcecode.swift; path = TabBarCoordinator.swift; sourceTree = "<group>"; };
		621503362A55A44900431BBB /* TabBarFlowProtocol.swift */ = {isa = PBXFileReference; lastKnownFileType = sourcecode.swift; path = TabBarFlowProtocol.swift; sourceTree = "<group>"; };
		6215033E2A5BE93500431BBB /* OnboardingCoordinator.swift */ = {isa = PBXFileReference; lastKnownFileType = sourcecode.swift; path = OnboardingCoordinator.swift; sourceTree = "<group>"; };
		621503422A5BEF0400431BBB /* OnboardingModuleFactory.swift */ = {isa = PBXFileReference; lastKnownFileType = sourcecode.swift; path = OnboardingModuleFactory.swift; sourceTree = "<group>"; };
		621503442A5BF06100431BBB /* OnboardingFlowProtocol.swift */ = {isa = PBXFileReference; lastKnownFileType = sourcecode.swift; path = OnboardingFlowProtocol.swift; sourceTree = "<group>"; };
		621503462A5BF12900431BBB /* OnboardingViewController.swift */ = {isa = PBXFileReference; lastKnownFileType = sourcecode.swift; path = OnboardingViewController.swift; sourceTree = "<group>"; };
		621503492A5E699C00431BBB /* gmarketSansTTFLight.ttf */ = {isa = PBXFileReference; lastKnownFileType = file; path = gmarketSansTTFLight.ttf; sourceTree = "<group>"; };
		6215034A2A5E699C00431BBB /* gmarketSansTTFMedium.ttf */ = {isa = PBXFileReference; lastKnownFileType = file; path = gmarketSansTTFMedium.ttf; sourceTree = "<group>"; };
		6215034B2A5E699C00431BBB /* gmarketSansTTFBold.ttf */ = {isa = PBXFileReference; lastKnownFileType = file; path = gmarketSansTTFBold.ttf; sourceTree = "<group>"; };
		621503512A5E6EC900431BBB /* UIFont+Extensions.swift */ = {isa = PBXFileReference; lastKnownFileType = sourcecode.swift; path = "UIFont+Extensions.swift"; sourceTree = "<group>"; };
		621503532A5E7AC700431BBB /* Colors.xcassets */ = {isa = PBXFileReference; lastKnownFileType = folder.assetcatalog; path = Colors.xcassets; sourceTree = "<group>"; };
		621503552A5E7B0500431BBB /* UIColor+Extensions.swift */ = {isa = PBXFileReference; lastKnownFileType = sourcecode.swift; path = "UIColor+Extensions.swift"; sourceTree = "<group>"; };
		621503572A5E8E2300431BBB /* UIControl+Extensions.swift */ = {isa = PBXFileReference; lastKnownFileType = sourcecode.swift; path = "UIControl+Extensions.swift"; sourceTree = "<group>"; };
		621503592A5E8EBB00431BBB /* OnboardingViewModel.swift */ = {isa = PBXFileReference; lastKnownFileType = sourcecode.swift; path = OnboardingViewModel.swift; sourceTree = "<group>"; };
		624628922A8F39BB00ADE103 /* DateCellViewModel.swift */ = {isa = PBXFileReference; lastKnownFileType = sourcecode.swift; path = DateCellViewModel.swift; sourceTree = "<group>"; };
		624628942A8F3DFE00ADE103 /* CalendarHeaderView.swift */ = {isa = PBXFileReference; lastKnownFileType = sourcecode.swift; path = CalendarHeaderView.swift; sourceTree = "<group>"; };
		624628982A8F772400ADE103 /* YearAndMonthView.swift */ = {isa = PBXFileReference; lastKnownFileType = sourcecode.swift; path = YearAndMonthView.swift; sourceTree = "<group>"; };
		624628DB2AAB2E9E00ADE103 /* ScopeButton.swift */ = {isa = PBXFileReference; lastKnownFileType = sourcecode.swift; path = ScopeButton.swift; sourceTree = "<group>"; };
		624BB0CC2A652EC8002A3109 /* GoalSettingCoordinator.swift */ = {isa = PBXFileReference; lastKnownFileType = sourcecode.swift; path = GoalSettingCoordinator.swift; sourceTree = "<group>"; };
		624BB0CE2A652FB9002A3109 /* GoalSettingModuleFactory.swift */ = {isa = PBXFileReference; lastKnownFileType = sourcecode.swift; path = GoalSettingModuleFactory.swift; sourceTree = "<group>"; };
		624BB0D02A6530C0002A3109 /* GoalSettingFlowProtocol.swift */ = {isa = PBXFileReference; lastKnownFileType = sourcecode.swift; path = GoalSettingFlowProtocol.swift; sourceTree = "<group>"; };
		624BB0D22A653299002A3109 /* GoalSettingViewController.swift */ = {isa = PBXFileReference; lastKnownFileType = sourcecode.swift; path = GoalSettingViewController.swift; sourceTree = "<group>"; };
		624BB0D82A666342002A3109 /* LottoDiaryTextField.swift */ = {isa = PBXFileReference; lastKnownFileType = sourcecode.swift; path = LottoDiaryTextField.swift; sourceTree = "<group>"; };
		624BB0DE2A67B319002A3109 /* GoalSettingUseCase.swift */ = {isa = PBXFileReference; lastKnownFileType = sourcecode.swift; path = GoalSettingUseCase.swift; sourceTree = "<group>"; };
		624BB0E22A67B4BC002A3109 /* NickNameValidationState.swift */ = {isa = PBXFileReference; lastKnownFileType = sourcecode.swift; path = NickNameValidationState.swift; sourceTree = "<group>"; };
		624BB0E42A67B9CA002A3109 /* DefaultGoalSettingUseCase.swift */ = {isa = PBXFileReference; lastKnownFileType = sourcecode.swift; path = DefaultGoalSettingUseCase.swift; sourceTree = "<group>"; };
		624BB0E62A67BFB6002A3109 /* GoalSettingViewModel.swift */ = {isa = PBXFileReference; lastKnownFileType = sourcecode.swift; path = GoalSettingViewModel.swift; sourceTree = "<group>"; };
		624BB0E82A67EED2002A3109 /* String+Extensions.swift */ = {isa = PBXFileReference; lastKnownFileType = sourcecode.swift; path = "String+Extensions.swift"; sourceTree = "<group>"; };
		624BB0EA2A67F014002A3109 /* GoalAmountValidationState.swift */ = {isa = PBXFileReference; lastKnownFileType = sourcecode.swift; path = GoalAmountValidationState.swift; sourceTree = "<group>"; };
		624BB0EC2A67F73B002A3109 /* Int+Extensions.swift */ = {isa = PBXFileReference; lastKnownFileType = sourcecode.swift; path = "Int+Extensions.swift"; sourceTree = "<group>"; };
		624BB0EE2A6903DA002A3109 /* NotificationCycle.swift */ = {isa = PBXFileReference; lastKnownFileType = sourcecode.swift; path = NotificationCycle.swift; sourceTree = "<group>"; };
		6251410B2AB458DD00E9E5C3 /* Lotto.swift */ = {isa = PBXFileReference; lastKnownFileType = sourcecode.swift; path = Lotto.swift; sourceTree = "<group>"; };
		6251410D2AB4595400E9E5C3 /* LottoType.swift */ = {isa = PBXFileReference; lastKnownFileType = sourcecode.swift; path = LottoType.swift; sourceTree = "<group>"; };
		6251410F2AB45D0A00E9E5C3 /* AddLottoUseCase.swift */ = {isa = PBXFileReference; lastKnownFileType = sourcecode.swift; path = AddLottoUseCase.swift; sourceTree = "<group>"; };
		625141122AB4606A00E9E5C3 /* AddLottoValidationUseCase.swift */ = {isa = PBXFileReference; lastKnownFileType = sourcecode.swift; path = AddLottoValidationUseCase.swift; sourceTree = "<group>"; };
		625141142AB462AE00E9E5C3 /* PurchaseAmountValidationState.swift */ = {isa = PBXFileReference; lastKnownFileType = sourcecode.swift; path = PurchaseAmountValidationState.swift; sourceTree = "<group>"; };
		625141162AB463BF00E9E5C3 /* WinningAmountValidationState.swift */ = {isa = PBXFileReference; lastKnownFileType = sourcecode.swift; path = WinningAmountValidationState.swift; sourceTree = "<group>"; };
		625141182AB466E600E9E5C3 /* DefaultAddLottoUseCase.swift */ = {isa = PBXFileReference; lastKnownFileType = sourcecode.swift; path = DefaultAddLottoUseCase.swift; sourceTree = "<group>"; };
		6251411A2AB4689A00E9E5C3 /* DefaultAddLottoValidationUseCase.swift */ = {isa = PBXFileReference; lastKnownFileType = sourcecode.swift; path = DefaultAddLottoValidationUseCase.swift; sourceTree = "<group>"; };
		6251411C2AB46CA300E9E5C3 /* AddLottoViewModel.swift */ = {isa = PBXFileReference; lastKnownFileType = sourcecode.swift; path = AddLottoViewModel.swift; sourceTree = "<group>"; };
		6268452F2A6BE38700569D02 /* UserDefaultsPersistenceServiceProtocol.swift */ = {isa = PBXFileReference; lastKnownFileType = sourcecode.swift; path = UserDefaultsPersistenceServiceProtocol.swift; sourceTree = "<group>"; };
		626845332A6BE71C00569D02 /* UserDefaultsPersistenceService.swift */ = {isa = PBXFileReference; lastKnownFileType = sourcecode.swift; path = UserDefaultsPersistenceService.swift; sourceTree = "<group>"; };
		626845382A6BEBDE00569D02 /* UserRepository.swift */ = {isa = PBXFileReference; lastKnownFileType = sourcecode.swift; path = UserRepository.swift; sourceTree = "<group>"; };
		6268453A2A6BEC4400569D02 /* DefaultUserRepository.swift */ = {isa = PBXFileReference; lastKnownFileType = sourcecode.swift; path = DefaultUserRepository.swift; sourceTree = "<group>"; };
		6268453C2A6BECE800569D02 /* UserDefaults+Extensions.swift */ = {isa = PBXFileReference; lastKnownFileType = sourcecode.swift; path = "UserDefaults+Extensions.swift"; sourceTree = "<group>"; };
		6270BEF52A77A18000950181 /* GoalSettingValidationUseCase.swift */ = {isa = PBXFileReference; lastKnownFileType = sourcecode.swift; path = GoalSettingValidationUseCase.swift; sourceTree = "<group>"; };
		6270BEF72A77A1EA00950181 /* DefaultGoalSettingValidationUseCase.swift */ = {isa = PBXFileReference; lastKnownFileType = sourcecode.swift; path = DefaultGoalSettingValidationUseCase.swift; sourceTree = "<group>"; };
		629C1F4F2A4ABD0F00540FA4 /* LottoDairy.app */ = {isa = PBXFileReference; explicitFileType = wrapper.application; includeInIndex = 0; path = LottoDairy.app; sourceTree = BUILT_PRODUCTS_DIR; };
		629C1F522A4ABD0F00540FA4 /* AppDelegate.swift */ = {isa = PBXFileReference; lastKnownFileType = sourcecode.swift; path = AppDelegate.swift; sourceTree = "<group>"; };
		629C1F542A4ABD0F00540FA4 /* SceneDelegate.swift */ = {isa = PBXFileReference; lastKnownFileType = sourcecode.swift; path = SceneDelegate.swift; sourceTree = "<group>"; };
		629C1F5C2A4ABD0F00540FA4 /* LottoDairy.xcdatamodel */ = {isa = PBXFileReference; lastKnownFileType = wrapper.xcdatamodel; path = LottoDairy.xcdatamodel; sourceTree = "<group>"; };
		629C1F5E2A4ABD1000540FA4 /* Assets.xcassets */ = {isa = PBXFileReference; lastKnownFileType = folder.assetcatalog; path = Assets.xcassets; sourceTree = "<group>"; };
		629C1F612A4ABD1000540FA4 /* Base */ = {isa = PBXFileReference; lastKnownFileType = file.storyboard; name = Base; path = Base.lproj/LaunchScreen.storyboard; sourceTree = "<group>"; };
		629C1F632A4ABD1000540FA4 /* Info.plist */ = {isa = PBXFileReference; lastKnownFileType = text.plist.xml; path = Info.plist; sourceTree = "<group>"; };
		62AFA0922A723C8B00C9D86C /* LottoLabel.swift */ = {isa = PBXFileReference; lastKnownFileType = sourcecode.swift; path = LottoLabel.swift; sourceTree = "<group>"; };
		62AFA0942A7258B200C9D86C /* GoalAmountEntity+CoreDataClass.swift */ = {isa = PBXFileReference; lastKnownFileType = sourcecode.swift; path = "GoalAmountEntity+CoreDataClass.swift"; sourceTree = "<group>"; };
		62AFA0952A7258B200C9D86C /* GoalAmountEntity+CoreDataProperties.swift */ = {isa = PBXFileReference; lastKnownFileType = sourcecode.swift; path = "GoalAmountEntity+CoreDataProperties.swift"; sourceTree = "<group>"; };
		62AFA0982A72593100C9D86C /* CoreDataPersistenceServiceProtocol.swift */ = {isa = PBXFileReference; lastKnownFileType = sourcecode.swift; path = CoreDataPersistenceServiceProtocol.swift; sourceTree = "<group>"; };
		62AFA09A2A7259F800C9D86C /* CoreDataPersistenceService.swift */ = {isa = PBXFileReference; lastKnownFileType = sourcecode.swift; path = CoreDataPersistenceService.swift; sourceTree = "<group>"; };
		62AFA09C2A725B8F00C9D86C /* CoreDataGoalAmountEntityPersistenceServiceProtocol.swift */ = {isa = PBXFileReference; lastKnownFileType = sourcecode.swift; path = CoreDataGoalAmountEntityPersistenceServiceProtocol.swift; sourceTree = "<group>"; };
		62AFA09E2A725C7100C9D86C /* CoreDataGoalAmountEntityPersistenceService.swift */ = {isa = PBXFileReference; lastKnownFileType = sourcecode.swift; path = CoreDataGoalAmountEntityPersistenceService.swift; sourceTree = "<group>"; };
		62CE399F2AB0772B009DFCD4 /* LottoCell.swift */ = {isa = PBXFileReference; lastKnownFileType = sourcecode.swift; path = LottoCell.swift; sourceTree = "<group>"; };
		62CE39A12AB08E0B009DFCD4 /* LottoCollectionVIewLayout.swift */ = {isa = PBXFileReference; lastKnownFileType = sourcecode.swift; path = LottoCollectionVIewLayout.swift; sourceTree = "<group>"; };
		62FD3DC92AB2E6E700C302F0 /* AddLottoFooterView.swift */ = {isa = PBXFileReference; lastKnownFileType = sourcecode.swift; path = AddLottoFooterView.swift; sourceTree = "<group>"; };
		62FD3DCB2AB41F9400C302F0 /* AddLottoViewProtocol.swift */ = {isa = PBXFileReference; lastKnownFileType = sourcecode.swift; path = AddLottoViewProtocol.swift; sourceTree = "<group>"; };
		62FD3DCF2AB4208700C302F0 /* AddLottoViewController.swift */ = {isa = PBXFileReference; lastKnownFileType = sourcecode.swift; path = AddLottoViewController.swift; sourceTree = "<group>"; };
		62FD3DD12AB4291300C302F0 /* HalfModalPresentationController.swift */ = {isa = PBXFileReference; lastKnownFileType = sourcecode.swift; path = HalfModalPresentationController.swift; sourceTree = "<group>"; };
		801766FD2AAEF8FF0046E537 /* ChartUseCase.swift */ = {isa = PBXFileReference; lastKnownFileType = sourcecode.swift; path = ChartUseCase.swift; sourceTree = "<group>"; };
		801766FF2AAEF90F0046E537 /* DefaultChartUseCase.swift */ = {isa = PBXFileReference; lastKnownFileType = sourcecode.swift; path = DefaultChartUseCase.swift; sourceTree = "<group>"; };
		801767062AB036670046E537 /* Device.swift */ = {isa = PBXFileReference; lastKnownFileType = sourcecode.swift; path = Device.swift; sourceTree = "<group>"; };
		805EA6BE2A9B1E1E00A3545C /* ChartViewController.swift */ = {isa = PBXFileReference; lastKnownFileType = sourcecode.swift; path = ChartViewController.swift; sourceTree = "<group>"; };
		805EA6C02A9B1E3D00A3545C /* ChartCoordinator.swift */ = {isa = PBXFileReference; lastKnownFileType = sourcecode.swift; path = ChartCoordinator.swift; sourceTree = "<group>"; };
		805EA6C22A9B1E8D00A3545C /* ChartFlowProtocol.swift */ = {isa = PBXFileReference; lastKnownFileType = sourcecode.swift; path = ChartFlowProtocol.swift; sourceTree = "<group>"; };
		805EA6C42A9B1EB400A3545C /* ChartModuleFactory.swift */ = {isa = PBXFileReference; lastKnownFileType = sourcecode.swift; path = ChartModuleFactory.swift; sourceTree = "<group>"; };
		805EA6C72AA2492800A3545C /* ChartInformationCell.swift */ = {isa = PBXFileReference; lastKnownFileType = sourcecode.swift; path = ChartInformationCell.swift; sourceTree = "<group>"; };
		805EA6D12AA474C300A3545C /* ChartViewModel.swift */ = {isa = PBXFileReference; lastKnownFileType = sourcecode.swift; path = ChartViewModel.swift; sourceTree = "<group>"; };
		805EA6D42AA475C600A3545C /* DefaultChartInformationUseCase.swift */ = {isa = PBXFileReference; lastKnownFileType = sourcecode.swift; path = DefaultChartInformationUseCase.swift; sourceTree = "<group>"; };
		805EA6D72AA4761B00A3545C /* ChartInformationUseCase.swift */ = {isa = PBXFileReference; lastKnownFileType = sourcecode.swift; path = ChartInformationUseCase.swift; sourceTree = "<group>"; };
		805FA7062A6D834A00089070 /* LottoQRViewController.swift */ = {isa = PBXFileReference; lastKnownFileType = sourcecode.swift; path = LottoQRViewController.swift; sourceTree = "<group>"; };
		805FA7082A6D84DC00089070 /* LottoQRModuleFactory.swift */ = {isa = PBXFileReference; lastKnownFileType = sourcecode.swift; path = LottoQRModuleFactory.swift; sourceTree = "<group>"; };
		805FA70A2A6D853400089070 /* LottoQRFlowProtocol.swift */ = {isa = PBXFileReference; lastKnownFileType = sourcecode.swift; path = LottoQRFlowProtocol.swift; sourceTree = "<group>"; };
		805FA70C2A6D856D00089070 /* LottoQRCoordinator.swift */ = {isa = PBXFileReference; lastKnownFileType = sourcecode.swift; path = LottoQRCoordinator.swift; sourceTree = "<group>"; };
		80603AD52A4AC839003D5274 /* Coordinator.swift */ = {isa = PBXFileReference; lastKnownFileType = sourcecode.swift; path = Coordinator.swift; sourceTree = "<group>"; };
		80603AD72A4AC874003D5274 /* BaseCoordinator.swift */ = {isa = PBXFileReference; lastKnownFileType = sourcecode.swift; path = BaseCoordinator.swift; sourceTree = "<group>"; };
		80603AD92A4E6FE2003D5274 /* AppCoordinator.swift */ = {isa = PBXFileReference; lastKnownFileType = sourcecode.swift; path = AppCoordinator.swift; sourceTree = "<group>"; };
		80603ADD2A4E9FB0003D5274 /* RouterImp.swift */ = {isa = PBXFileReference; lastKnownFileType = sourcecode.swift; path = RouterImp.swift; sourceTree = "<group>"; };
		8060B41E2A61A66800726C83 /* LottoQRButton.swift */ = {isa = PBXFileReference; lastKnownFileType = sourcecode.swift; path = LottoQRButton.swift; sourceTree = "<group>"; };
		8060B4202A62DC2C00726C83 /* UIButton+Extensions.swift */ = {isa = PBXFileReference; lastKnownFileType = sourcecode.swift; path = "UIButton+Extensions.swift"; sourceTree = "<group>"; };
		80773A6D2A55AE9E0020F1DD /* HomeCoordinator.swift */ = {isa = PBXFileReference; lastKnownFileType = sourcecode.swift; path = HomeCoordinator.swift; sourceTree = "<group>"; };
		80773A6F2A55AF770020F1DD /* HomeViewController.swift */ = {isa = PBXFileReference; lastKnownFileType = sourcecode.swift; path = HomeViewController.swift; sourceTree = "<group>"; };
		80773A712A55AFF80020F1DD /* HomeFlowProtocol.swift */ = {isa = PBXFileReference; lastKnownFileType = sourcecode.swift; path = HomeFlowProtocol.swift; sourceTree = "<group>"; };
		80773A732A55B99E0020F1DD /* HomeModuleFactory.swift */ = {isa = PBXFileReference; lastKnownFileType = sourcecode.swift; path = HomeModuleFactory.swift; sourceTree = "<group>"; };
		80773A752A55BA1C0020F1DD /* ModuleFactoryImp.swift */ = {isa = PBXFileReference; lastKnownFileType = sourcecode.swift; path = ModuleFactoryImp.swift; sourceTree = "<group>"; };
		807AAD592AAC30C000D338BF /* ChartComponents.swift */ = {isa = PBXFileReference; lastKnownFileType = sourcecode.swift; path = ChartComponents.swift; sourceTree = "<group>"; };
		807AAD5B2AAC30DC00D338BF /* ChartInformationComponents.swift */ = {isa = PBXFileReference; lastKnownFileType = sourcecode.swift; path = ChartInformationComponents.swift; sourceTree = "<group>"; };
		8080DDBA2A604A0500364CF1 /* TabBarComponents.swift */ = {isa = PBXFileReference; lastKnownFileType = sourcecode.swift; path = TabBarComponents.swift; sourceTree = "<group>"; };
		8080DDBD2A60540B00364CF1 /* TabBarView.swift */ = {isa = PBXFileReference; lastKnownFileType = sourcecode.swift; path = TabBarView.swift; sourceTree = "<group>"; };
		80EB03312A72336400455E05 /* GmarketSansLabel.swift */ = {isa = PBXFileReference; lastKnownFileType = sourcecode.swift; path = GmarketSansLabel.swift; sourceTree = "<group>"; };
		80EB03332A72370E00455E05 /* UIStackView+Extensions.swift */ = {isa = PBXFileReference; lastKnownFileType = sourcecode.swift; path = "UIStackView+Extensions.swift"; sourceTree = "<group>"; };
		80EB033B2A72CB8000455E05 /* UIView+Extensions.swift */ = {isa = PBXFileReference; lastKnownFileType = sourcecode.swift; path = "UIView+Extensions.swift"; sourceTree = "<group>"; };
		80EB033D2A72CF9A00455E05 /* DoubleLabelView.swift */ = {isa = PBXFileReference; lastKnownFileType = sourcecode.swift; path = DoubleLabelView.swift; sourceTree = "<group>"; };
		80F90CD62A8D1CFE007E1D23 /* CalendarViewController.swift */ = {isa = PBXFileReference; lastKnownFileType = sourcecode.swift; path = CalendarViewController.swift; sourceTree = "<group>"; };
		80F90CD82A8D1D96007E1D23 /* CalendarModuleFactory.swift */ = {isa = PBXFileReference; lastKnownFileType = sourcecode.swift; path = CalendarModuleFactory.swift; sourceTree = "<group>"; };
		80F90CDA2A8D1DD3007E1D23 /* CalendarFlowProtocol.swift */ = {isa = PBXFileReference; lastKnownFileType = sourcecode.swift; path = CalendarFlowProtocol.swift; sourceTree = "<group>"; };
		80F90CDC2A8D1F3A007E1D23 /* CalendarCoordinator.swift */ = {isa = PBXFileReference; lastKnownFileType = sourcecode.swift; path = CalendarCoordinator.swift; sourceTree = "<group>"; };
		80F90CE22A8D2419007E1D23 /* MonthComponent.swift */ = {isa = PBXFileReference; lastKnownFileType = sourcecode.swift; path = MonthComponent.swift; sourceTree = "<group>"; };
		80F90CE72A8D2507007E1D23 /* Date+Extensions.swift */ = {isa = PBXFileReference; lastKnownFileType = sourcecode.swift; path = "Date+Extensions.swift"; sourceTree = "<group>"; };
		80F90CE92A8D2543007E1D23 /* DateComponent.swift */ = {isa = PBXFileReference; lastKnownFileType = sourcecode.swift; path = DateComponent.swift; sourceTree = "<group>"; };
		80F90CEC2A8D2C13007E1D23 /* CalendarUseCase.swift */ = {isa = PBXFileReference; lastKnownFileType = sourcecode.swift; path = CalendarUseCase.swift; sourceTree = "<group>"; };
		80F90CEE2A8D2DBE007E1D23 /* DateCollectionViewCell.swift */ = {isa = PBXFileReference; lastKnownFileType = sourcecode.swift; path = DateCollectionViewCell.swift; sourceTree = "<group>"; };
		80F90CF02A8D2E29007E1D23 /* CalendarCollectionViewLayout.swift */ = {isa = PBXFileReference; lastKnownFileType = sourcecode.swift; path = CalendarCollectionViewLayout.swift; sourceTree = "<group>"; };
		80F90CF22A8D301D007E1D23 /* UICollectionView+Extensions.swift */ = {isa = PBXFileReference; lastKnownFileType = sourcecode.swift; path = "UICollectionView+Extensions.swift"; sourceTree = "<group>"; };
		80F90CF42A8D3037007E1D23 /* UICollectionViewCell+Extensions.swift */ = {isa = PBXFileReference; lastKnownFileType = sourcecode.swift; path = "UICollectionViewCell+Extensions.swift"; sourceTree = "<group>"; };
		80F90CF62A8D31B7007E1D23 /* DateCell.swift */ = {isa = PBXFileReference; lastKnownFileType = sourcecode.swift; path = DateCell.swift; sourceTree = "<group>"; };
		80F90CF82A8D32A6007E1D23 /* CalendarViewModel.swift */ = {isa = PBXFileReference; lastKnownFileType = sourcecode.swift; path = CalendarViewModel.swift; sourceTree = "<group>"; };
/* End PBXFileReference section */

/* Begin PBXFrameworksBuildPhase section */
		629C1F4C2A4ABD0F00540FA4 /* Frameworks */ = {
			isa = PBXFrameworksBuildPhase;
			buildActionMask = 2147483647;
			files = (
				801767032AB030E70046E537 /* DGCharts in Frameworks */,
			);
			runOnlyForDeploymentPostprocessing = 0;
		};
/* End PBXFrameworksBuildPhase section */

/* Begin PBXGroup section */
		621503242A4EB76B00431BBB /* Factories */ = {
			isa = PBXGroup;
			children = (
				6215032C2A559B9700431BBB /* Imp */,
				621503202A4E79D000431BBB /* CoordinatorFactory.swift */,
				80773A732A55B99E0020F1DD /* HomeModuleFactory.swift */,
				805FA7082A6D84DC00089070 /* LottoQRModuleFactory.swift */,
				621503422A5BEF0400431BBB /* OnboardingModuleFactory.swift */,
				624BB0CE2A652FB9002A3109 /* GoalSettingModuleFactory.swift */,
				80F90CD82A8D1D96007E1D23 /* CalendarModuleFactory.swift */,
				805EA6C42A9B1EB400A3545C /* ChartModuleFactory.swift */,
			);
			path = Factories;
			sourceTree = "<group>";
		};
		621503252A4EB78E00431BBB /* Protocols */ = {
			isa = PBXGroup;
			children = (
				80603AD52A4AC839003D5274 /* Coordinator.swift */,
				6215031E2A4E792700431BBB /* Presentable.swift */,
			);
			path = Protocols;
			sourceTree = "<group>";
		};
		621503262A4EB91900431BBB /* Coordinator */ = {
			isa = PBXGroup;
			children = (
				621503242A4EB76B00431BBB /* Factories */,
				621503282A4EB93600431BBB /* Parents */,
				621503272A4EB92600431BBB /* Router */,
				621503252A4EB78E00431BBB /* Protocols */,
			);
			path = Coordinator;
			sourceTree = "<group>";
		};
		621503272A4EB92600431BBB /* Router */ = {
			isa = PBXGroup;
			children = (
				621503222A4E7CAE00431BBB /* Router.swift */,
				80603ADD2A4E9FB0003D5274 /* RouterImp.swift */,
			);
			path = Router;
			sourceTree = "<group>";
		};
		621503282A4EB93600431BBB /* Parents */ = {
			isa = PBXGroup;
			children = (
				80603AD72A4AC874003D5274 /* BaseCoordinator.swift */,
			);
			path = Parents;
			sourceTree = "<group>";
		};
		6215032B2A4EBAD600431BBB /* Resource */ = {
			isa = PBXGroup;
			children = (
				621503482A5E694900431BBB /* Fonts */,
				629C1F5E2A4ABD1000540FA4 /* Assets.xcassets */,
				621503532A5E7AC700431BBB /* Colors.xcassets */,
				629C1F602A4ABD1000540FA4 /* LaunchScreen.storyboard */,
			);
			path = Resource;
			sourceTree = "<group>";
		};
		6215032C2A559B9700431BBB /* Imp */ = {
			isa = PBXGroup;
			children = (
				6215032F2A559BB200431BBB /* CoordinatorFactoryImp.swift */,
				80773A752A55BA1C0020F1DD /* ModuleFactoryImp.swift */,
			);
			path = Imp;
			sourceTree = "<group>";
		};
		621503312A559C7300431BBB /* TabBarScene */ = {
			isa = PBXGroup;
			children = (
				8080DDBC2A60530F00364CF1 /* Views */,
				621503322A559C9600431BBB /* TabBarController.swift */,
				621503342A559CB800431BBB /* TabBarCoordinator.swift */,
				621503362A55A44900431BBB /* TabBarFlowProtocol.swift */,
			);
			path = TabBarScene;
			sourceTree = "<group>";
		};
		6215033D2A5BE91A00431BBB /* OnboardingScene */ = {
			isa = PBXGroup;
			children = (
				6215033E2A5BE93500431BBB /* OnboardingCoordinator.swift */,
				621503442A5BF06100431BBB /* OnboardingFlowProtocol.swift */,
				621503462A5BF12900431BBB /* OnboardingViewController.swift */,
				621503592A5E8EBB00431BBB /* OnboardingViewModel.swift */,
			);
			path = OnboardingScene;
			sourceTree = "<group>";
		};
		621503482A5E694900431BBB /* Fonts */ = {
			isa = PBXGroup;
			children = (
				6215034B2A5E699C00431BBB /* gmarketSansTTFBold.ttf */,
				621503492A5E699C00431BBB /* gmarketSansTTFLight.ttf */,
				6215034A2A5E699C00431BBB /* gmarketSansTTFMedium.ttf */,
			);
			path = Fonts;
			sourceTree = "<group>";
		};
		6215034F2A5E6EB300431BBB /* Support */ = {
			isa = PBXGroup;
			children = (
				801767062AB036670046E537 /* Device.swift */,
				621503502A5E6EBA00431BBB /* Extension */,
			);
			path = Support;
			sourceTree = "<group>";
		};
		621503502A5E6EBA00431BBB /* Extension */ = {
			isa = PBXGroup;
			children = (
				621503512A5E6EC900431BBB /* UIFont+Extensions.swift */,
				621503552A5E7B0500431BBB /* UIColor+Extensions.swift */,
				80EB03332A72370E00455E05 /* UIStackView+Extensions.swift */,
				80EB033B2A72CB8000455E05 /* UIView+Extensions.swift */,
				621503572A5E8E2300431BBB /* UIControl+Extensions.swift */,
				624BB0E82A67EED2002A3109 /* String+Extensions.swift */,
				624BB0EC2A67F73B002A3109 /* Int+Extensions.swift */,
				6268453C2A6BECE800569D02 /* UserDefaults+Extensions.swift */,
				8060B4202A62DC2C00726C83 /* UIButton+Extensions.swift */,
				80F90CE72A8D2507007E1D23 /* Date+Extensions.swift */,
				80F90CF22A8D301D007E1D23 /* UICollectionView+Extensions.swift */,
				80F90CF42A8D3037007E1D23 /* UICollectionViewCell+Extensions.swift */,
			);
			path = Extension;
			sourceTree = "<group>";
		};
		624628DD2AAB3AE100ADE103 /* HeaderView */ = {
			isa = PBXGroup;
			children = (
				624628982A8F772400ADE103 /* YearAndMonthView.swift */,
				624628DB2AAB2E9E00ADE103 /* ScopeButton.swift */,
				624628942A8F3DFE00ADE103 /* CalendarHeaderView.swift */,
				62FD3DC92AB2E6E700C302F0 /* AddLottoFooterView.swift */,
			);
			path = HeaderView;
			sourceTree = "<group>";
		};
		624BB0CB2A652EAD002A3109 /* GoalSettingScene */ = {
			isa = PBXGroup;
			children = (
				624BB0CC2A652EC8002A3109 /* GoalSettingCoordinator.swift */,
				624BB0D02A6530C0002A3109 /* GoalSettingFlowProtocol.swift */,
				624BB0D22A653299002A3109 /* GoalSettingViewController.swift */,
				624BB0E62A67BFB6002A3109 /* GoalSettingViewModel.swift */,
			);
			path = GoalSettingScene;
			sourceTree = "<group>";
		};
		624BB0D72A666301002A3109 /* Common */ = {
			isa = PBXGroup;
			children = (
				624BB0D82A666342002A3109 /* LottoDiaryTextField.swift */,
				62AFA0922A723C8B00C9D86C /* LottoLabel.swift */,
				80EB03312A72336400455E05 /* GmarketSansLabel.swift */,
			);
			path = Common;
			sourceTree = "<group>";
		};
		624BB0DA2A67B2C1002A3109 /* Domain */ = {
			isa = PBXGroup;
			children = (
				80F90CE02A8D23F5007E1D23 /* Entity */,
				626845362A6BEBBE00569D02 /* Interfaces */,
				807AAD572AAC309300D338BF /* Model */,
				624BB0DB2A67B2D9002A3109 /* UseCase */,
			);
			path = Domain;
			sourceTree = "<group>";
		};
		624BB0DB2A67B2D9002A3109 /* UseCase */ = {
			isa = PBXGroup;
			children = (
				80F90CDF2A8D234F007E1D23 /* Calendar */,
				805EA6D32AA475AF00A3545C /* Chart */,
				624BB0DC2A67B2E9002A3109 /* Account */,
			);
			path = UseCase;
			sourceTree = "<group>";
		};
		624BB0DC2A67B2E9002A3109 /* Account */ = {
			isa = PBXGroup;
			children = (
				624BB0DD2A67B307002A3109 /* Protocol */,
				624BB0E42A67B9CA002A3109 /* DefaultGoalSettingUseCase.swift */,
				6270BEF72A77A1EA00950181 /* DefaultGoalSettingValidationUseCase.swift */,
			);
			path = Account;
			sourceTree = "<group>";
		};
		624BB0DD2A67B307002A3109 /* Protocol */ = {
			isa = PBXGroup;
			children = (
				624BB0DE2A67B319002A3109 /* GoalSettingUseCase.swift */,
				6270BEF52A77A18000950181 /* GoalSettingValidationUseCase.swift */,
			);
			path = Protocol;
			sourceTree = "<group>";
		};
		624BB0E02A67B4A1002A3109 /* Util */ = {
			isa = PBXGroup;
			children = (
				624BB0E12A67B4A6002A3109 /* Constant */,
			);
			path = Util;
			sourceTree = "<group>";
		};
		624BB0E12A67B4A6002A3109 /* Constant */ = {
			isa = PBXGroup;
			children = (
				624BB0E22A67B4BC002A3109 /* NickNameValidationState.swift */,
				624BB0EA2A67F014002A3109 /* GoalAmountValidationState.swift */,
				624BB0EE2A6903DA002A3109 /* NotificationCycle.swift */,
				6251410D2AB4595400E9E5C3 /* LottoType.swift */,
				625141142AB462AE00E9E5C3 /* PurchaseAmountValidationState.swift */,
				625141162AB463BF00E9E5C3 /* WinningAmountValidationState.swift */,
			);
			path = Constant;
			sourceTree = "<group>";
		};
		625141112AB45D2500E9E5C3 /* Protocol */ = {
			isa = PBXGroup;
			children = (
				6251410F2AB45D0A00E9E5C3 /* AddLottoUseCase.swift */,
				625141122AB4606A00E9E5C3 /* AddLottoValidationUseCase.swift */,
			);
			path = Protocol;
			sourceTree = "<group>";
		};
		6268452D2A6BE36600569D02 /* Data */ = {
			isa = PBXGroup;
			children = (
				626845352A6BEB5900569D02 /* Repository */,
				6268452E2A6BE37000569D02 /* Interfaces */,
			);
			path = Data;
			sourceTree = "<group>";
		};
		6268452E2A6BE37000569D02 /* Interfaces */ = {
			isa = PBXGroup;
			children = (
				6268452F2A6BE38700569D02 /* UserDefaultsPersistenceServiceProtocol.swift */,
				62AFA0982A72593100C9D86C /* CoreDataPersistenceServiceProtocol.swift */,
				62AFA09C2A725B8F00C9D86C /* CoreDataGoalAmountEntityPersistenceServiceProtocol.swift */,
			);
			path = Interfaces;
			sourceTree = "<group>";
		};
		626845312A6BE3B000569D02 /* Service */ = {
			isa = PBXGroup;
			children = (
				626845322A6BE70700569D02 /* Persistences */,
			);
			path = Service;
			sourceTree = "<group>";
		};
		626845322A6BE70700569D02 /* Persistences */ = {
			isa = PBXGroup;
			children = (
				62AFA0942A7258B200C9D86C /* GoalAmountEntity+CoreDataClass.swift */,
				62AFA0952A7258B200C9D86C /* GoalAmountEntity+CoreDataProperties.swift */,
				626845332A6BE71C00569D02 /* UserDefaultsPersistenceService.swift */,
				62AFA09A2A7259F800C9D86C /* CoreDataPersistenceService.swift */,
				62AFA09E2A725C7100C9D86C /* CoreDataGoalAmountEntityPersistenceService.swift */,
			);
			path = Persistences;
			sourceTree = "<group>";
		};
		626845352A6BEB5900569D02 /* Repository */ = {
			isa = PBXGroup;
			children = (
				6268453A2A6BEC4400569D02 /* DefaultUserRepository.swift */,
			);
			path = Repository;
			sourceTree = "<group>";
		};
		626845362A6BEBBE00569D02 /* Interfaces */ = {
			isa = PBXGroup;
			children = (
				626845372A6BEBCB00569D02 /* Repositories */,
			);
			path = Interfaces;
			sourceTree = "<group>";
		};
		626845372A6BEBCB00569D02 /* Repositories */ = {
			isa = PBXGroup;
			children = (
				626845382A6BEBDE00569D02 /* UserRepository.swift */,
			);
			path = Repositories;
			sourceTree = "<group>";
		};
		629C1F462A4ABD0F00540FA4 = {
			isa = PBXGroup;
			children = (
				629C1F512A4ABD0F00540FA4 /* LottoDairy */,
				629C1F502A4ABD0F00540FA4 /* Products */,
			);
			sourceTree = "<group>";
		};
		629C1F502A4ABD0F00540FA4 /* Products */ = {
			isa = PBXGroup;
			children = (
				629C1F4F2A4ABD0F00540FA4 /* LottoDairy.app */,
			);
			name = Products;
			sourceTree = "<group>";
		};
		629C1F512A4ABD0F00540FA4 /* LottoDairy */ = {
			isa = PBXGroup;
			children = (
				80603AD22A4AC6F1003D5274 /* Application */,
				6215032B2A4EBAD600431BBB /* Resource */,
				6215034F2A5E6EB300431BBB /* Support */,
				621503262A4EB91900431BBB /* Coordinator */,
				624BB0E02A67B4A1002A3109 /* Util */,
				624BB0D72A666301002A3109 /* Common */,
				624BB0DA2A67B2C1002A3109 /* Domain */,
				6268452D2A6BE36600569D02 /* Data */,
				626845312A6BE3B000569D02 /* Service */,
				6215033D2A5BE91A00431BBB /* OnboardingScene */,
				624BB0CB2A652EAD002A3109 /* GoalSettingScene */,
				621503312A559C7300431BBB /* TabBarScene */,
				80773A6C2A55AE8C0020F1DD /* HomeScene */,
				805FA7052A6D832500089070 /* LottoQRScene */,
				80F90CD52A8D1CE3007E1D23 /* CalendarScene */,
				805EA6BD2A9B1E0300A3545C /* ChartScene */,
				629C1F632A4ABD1000540FA4 /* Info.plist */,
				629C1F5B2A4ABD0F00540FA4 /* LottoDiaryModel.xcdatamodeld */,
			);
			path = LottoDairy;
			sourceTree = "<group>";
		};
		62FD3DCD2AB4203400C302F0 /* AddLotto */ = {
			isa = PBXGroup;
			children = (
				62FD3DCF2AB4208700C302F0 /* AddLottoViewController.swift */,
				62FD3DCB2AB41F9400C302F0 /* AddLottoViewProtocol.swift */,
				62FD3DD12AB4291300C302F0 /* HalfModalPresentationController.swift */,
				6251411C2AB46CA300E9E5C3 /* AddLottoViewModel.swift */,
			);
			path = AddLotto;
			sourceTree = "<group>";
		};
		62FD3DCE2AB4203C00C302F0 /* Calendar */ = {
			isa = PBXGroup;
			children = (
				80F90CD62A8D1CFE007E1D23 /* CalendarViewController.swift */,
				80F90CDA2A8D1DD3007E1D23 /* CalendarFlowProtocol.swift */,
				80F90CF82A8D32A6007E1D23 /* CalendarViewModel.swift */,
				80F90CEB2A8D2AD6007E1D23 /* Views */,
			);
			path = Calendar;
			sourceTree = "<group>";
		};
		805EA6BD2A9B1E0300A3545C /* ChartScene */ = {
			isa = PBXGroup;
			children = (
				805EA6C62AA2478100A3545C /* Views */,
				805EA6BE2A9B1E1E00A3545C /* ChartViewController.swift */,
				805EA6D12AA474C300A3545C /* ChartViewModel.swift */,
				805EA6C02A9B1E3D00A3545C /* ChartCoordinator.swift */,
				805EA6C22A9B1E8D00A3545C /* ChartFlowProtocol.swift */,
			);
			path = ChartScene;
			sourceTree = "<group>";
		};
		805EA6C62AA2478100A3545C /* Views */ = {
			isa = PBXGroup;
			children = (
				805EA6C72AA2492800A3545C /* ChartInformationCell.swift */,
			);
			path = Views;
			sourceTree = "<group>";
		};
		805EA6D32AA475AF00A3545C /* Chart */ = {
			isa = PBXGroup;
			children = (
				805EA6D62AA4760300A3545C /* Protocol */,
				805EA6D42AA475C600A3545C /* DefaultChartInformationUseCase.swift */,
				801766FF2AAEF90F0046E537 /* DefaultChartUseCase.swift */,
			);
			path = Chart;
			sourceTree = "<group>";
		};
		805EA6D62AA4760300A3545C /* Protocol */ = {
			isa = PBXGroup;
			children = (
				805EA6D72AA4761B00A3545C /* ChartInformationUseCase.swift */,
				801766FD2AAEF8FF0046E537 /* ChartUseCase.swift */,
			);
			path = Protocol;
			sourceTree = "<group>";
		};
		805FA7052A6D832500089070 /* LottoQRScene */ = {
			isa = PBXGroup;
			children = (
				805FA70C2A6D856D00089070 /* LottoQRCoordinator.swift */,
				805FA7062A6D834A00089070 /* LottoQRViewController.swift */,
				805FA70A2A6D853400089070 /* LottoQRFlowProtocol.swift */,
			);
			path = LottoQRScene;
			sourceTree = "<group>";
		};
		80603AD22A4AC6F1003D5274 /* Application */ = {
			isa = PBXGroup;
			children = (
				629C1F522A4ABD0F00540FA4 /* AppDelegate.swift */,
				629C1F542A4ABD0F00540FA4 /* SceneDelegate.swift */,
				80603AD92A4E6FE2003D5274 /* AppCoordinator.swift */,
			);
			path = Application;
			sourceTree = "<group>";
		};
		80773A6C2A55AE8C0020F1DD /* HomeScene */ = {
			isa = PBXGroup;
			children = (
				80EB032A2A7132C000455E05 /* Views */,
				80773A6D2A55AE9E0020F1DD /* HomeCoordinator.swift */,
				80773A6F2A55AF770020F1DD /* HomeViewController.swift */,
				80773A712A55AFF80020F1DD /* HomeFlowProtocol.swift */,
			);
			path = HomeScene;
			sourceTree = "<group>";
		};
		807AAD572AAC309300D338BF /* Model */ = {
			isa = PBXGroup;
			children = (
				807AAD582AAC309A00D338BF /* Chart */,
			);
			path = Model;
			sourceTree = "<group>";
		};
		807AAD582AAC309A00D338BF /* Chart */ = {
			isa = PBXGroup;
			children = (
				807AAD592AAC30C000D338BF /* ChartComponents.swift */,
				807AAD5B2AAC30DC00D338BF /* ChartInformationComponents.swift */,
			);
			path = Chart;
			sourceTree = "<group>";
		};
		8080DDBC2A60530F00364CF1 /* Views */ = {
			isa = PBXGroup;
			children = (
				8080DDBA2A604A0500364CF1 /* TabBarComponents.swift */,
				8080DDBD2A60540B00364CF1 /* TabBarView.swift */,
				8060B41E2A61A66800726C83 /* LottoQRButton.swift */,
			);
			path = Views;
			sourceTree = "<group>";
		};
		80EB032A2A7132C000455E05 /* Views */ = {
			isa = PBXGroup;
			children = (
				80EB033D2A72CF9A00455E05 /* DoubleLabelView.swift */,
			);
			path = Views;
			sourceTree = "<group>";
		};
		80F90CD52A8D1CE3007E1D23 /* CalendarScene */ = {
			isa = PBXGroup;
			children = (
				80F90CDC2A8D1F3A007E1D23 /* CalendarCoordinator.swift */,
				62FD3DCE2AB4203C00C302F0 /* Calendar */,
				62FD3DCD2AB4203400C302F0 /* AddLotto */,
			);
			path = CalendarScene;
			sourceTree = "<group>";
		};
		80F90CDF2A8D234F007E1D23 /* Calendar */ = {
			isa = PBXGroup;
			children = (
				625141112AB45D2500E9E5C3 /* Protocol */,
				80F90CEC2A8D2C13007E1D23 /* CalendarUseCase.swift */,
				625141182AB466E600E9E5C3 /* DefaultAddLottoUseCase.swift */,
				6251411A2AB4689A00E9E5C3 /* DefaultAddLottoValidationUseCase.swift */,
			);
			path = Calendar;
			sourceTree = "<group>";
		};
		80F90CE02A8D23F5007E1D23 /* Entity */ = {
			isa = PBXGroup;
			children = (
				80F90CE12A8D2415007E1D23 /* Calendar */,
			);
			path = Entity;
			sourceTree = "<group>";
		};
		80F90CE12A8D2415007E1D23 /* Calendar */ = {
			isa = PBXGroup;
			children = (
				80F90CE22A8D2419007E1D23 /* MonthComponent.swift */,
				80F90CE92A8D2543007E1D23 /* DateComponent.swift */,
				6251410B2AB458DD00E9E5C3 /* Lotto.swift */,
			);
			path = Calendar;
			sourceTree = "<group>";
		};
		80F90CEB2A8D2AD6007E1D23 /* Views */ = {
			isa = PBXGroup;
			children = (
				624628DD2AAB3AE100ADE103 /* HeaderView */,
				80F90CEE2A8D2DBE007E1D23 /* DateCollectionViewCell.swift */,
				80F90CF02A8D2E29007E1D23 /* CalendarCollectionViewLayout.swift */,
				62CE39A12AB08E0B009DFCD4 /* LottoCollectionVIewLayout.swift */,
				80F90CF62A8D31B7007E1D23 /* DateCell.swift */,
				624628922A8F39BB00ADE103 /* DateCellViewModel.swift */,
				62CE399F2AB0772B009DFCD4 /* LottoCell.swift */,
			);
			path = Views;
			sourceTree = "<group>";
		};
/* End PBXGroup section */

/* Begin PBXNativeTarget section */
		629C1F4E2A4ABD0F00540FA4 /* LottoDairy */ = {
			isa = PBXNativeTarget;
			buildConfigurationList = 629C1F662A4ABD1000540FA4 /* Build configuration list for PBXNativeTarget "LottoDairy" */;
			buildPhases = (
				629C1F4B2A4ABD0F00540FA4 /* Sources */,
				629C1F4C2A4ABD0F00540FA4 /* Frameworks */,
				629C1F4D2A4ABD0F00540FA4 /* Resources */,
			);
			buildRules = (
			);
			dependencies = (
			);
			name = LottoDairy;
			packageProductDependencies = (
				801767022AB030E70046E537 /* DGCharts */,
			);
			productName = LottoDairy;
			productReference = 629C1F4F2A4ABD0F00540FA4 /* LottoDairy.app */;
			productType = "com.apple.product-type.application";
		};
/* End PBXNativeTarget section */

/* Begin PBXProject section */
		629C1F472A4ABD0F00540FA4 /* Project object */ = {
			isa = PBXProject;
			attributes = {
				BuildIndependentTargetsInParallel = 1;
				LastSwiftUpdateCheck = 1430;
				LastUpgradeCheck = 1430;
				TargetAttributes = {
					629C1F4E2A4ABD0F00540FA4 = {
						CreatedOnToolsVersion = 14.3.1;
					};
				};
			};
			buildConfigurationList = 629C1F4A2A4ABD0F00540FA4 /* Build configuration list for PBXProject "LottoDairy" */;
			compatibilityVersion = "Xcode 14.0";
			developmentRegion = en;
			hasScannedForEncodings = 0;
			knownRegions = (
				en,
				Base,
			);
			mainGroup = 629C1F462A4ABD0F00540FA4;
			packageReferences = (
				801767012AB030E70046E537 /* XCRemoteSwiftPackageReference "Charts" */,
			);
			productRefGroup = 629C1F502A4ABD0F00540FA4 /* Products */;
			projectDirPath = "";
			projectRoot = "";
			targets = (
				629C1F4E2A4ABD0F00540FA4 /* LottoDairy */,
			);
		};
/* End PBXProject section */

/* Begin PBXResourcesBuildPhase section */
		629C1F4D2A4ABD0F00540FA4 /* Resources */ = {
			isa = PBXResourcesBuildPhase;
			buildActionMask = 2147483647;
			files = (
				6215034C2A5E699C00431BBB /* gmarketSansTTFLight.ttf in Resources */,
				629C1F622A4ABD1000540FA4 /* LaunchScreen.storyboard in Resources */,
				629C1F5F2A4ABD1000540FA4 /* Assets.xcassets in Resources */,
				621503542A5E7AC700431BBB /* Colors.xcassets in Resources */,
				6215034D2A5E699C00431BBB /* gmarketSansTTFMedium.ttf in Resources */,
				6215034E2A5E699C00431BBB /* gmarketSansTTFBold.ttf in Resources */,
			);
			runOnlyForDeploymentPostprocessing = 0;
		};
/* End PBXResourcesBuildPhase section */

/* Begin PBXSourcesBuildPhase section */
		629C1F4B2A4ABD0F00540FA4 /* Sources */ = {
			isa = PBXSourcesBuildPhase;
			buildActionMask = 2147483647;
			files = (
				625141192AB466E600E9E5C3 /* DefaultAddLottoUseCase.swift in Sources */,
				80773A742A55B99E0020F1DD /* HomeModuleFactory.swift in Sources */,
				8080DDBE2A60540B00364CF1 /* TabBarView.swift in Sources */,
				801767072AB036670046E537 /* Device.swift in Sources */,
				621503302A559BB200431BBB /* CoordinatorFactoryImp.swift in Sources */,
				805EA6C12A9B1E3D00A3545C /* ChartCoordinator.swift in Sources */,
				624BB0CF2A652FB9002A3109 /* GoalSettingModuleFactory.swift in Sources */,
				805EA6C82AA2492900A3545C /* ChartInformationCell.swift in Sources */,
				624BB0D12A6530C0002A3109 /* GoalSettingFlowProtocol.swift in Sources */,
				626845342A6BE71C00569D02 /* UserDefaultsPersistenceService.swift in Sources */,
				805EA6D82AA4761B00A3545C /* ChartInformationUseCase.swift in Sources */,
				62FD3DCA2AB2E6E700C302F0 /* AddLottoFooterView.swift in Sources */,
				621503332A559C9600431BBB /* TabBarController.swift in Sources */,
				80F90CF32A8D301D007E1D23 /* UICollectionView+Extensions.swift in Sources */,
				624628932A8F39BB00ADE103 /* DateCellViewModel.swift in Sources */,
				624BB0D32A653299002A3109 /* GoalSettingViewController.swift in Sources */,
				8060B4212A62DC2C00726C83 /* UIButton+Extensions.swift in Sources */,
				801767002AAEF90F0046E537 /* DefaultChartUseCase.swift in Sources */,
				805EA6BF2A9B1E1E00A3545C /* ChartViewController.swift in Sources */,
				8060B41F2A61A66800726C83 /* LottoQRButton.swift in Sources */,
				8080DDBB2A604A0500364CF1 /* TabBarComponents.swift in Sources */,
				80773A6E2A55AE9E0020F1DD /* HomeCoordinator.swift in Sources */,
				80EB03322A72336400455E05 /* GmarketSansLabel.swift in Sources */,
				6215035A2A5E8EBB00431BBB /* OnboardingViewModel.swift in Sources */,
				624BB0D92A666342002A3109 /* LottoDiaryTextField.swift in Sources */,
				80F90CED2A8D2C13007E1D23 /* CalendarUseCase.swift in Sources */,
				80F90CD92A8D1D96007E1D23 /* CalendarModuleFactory.swift in Sources */,
				621503472A5BF12900431BBB /* OnboardingViewController.swift in Sources */,
				80EB033C2A72CB8000455E05 /* UIView+Extensions.swift in Sources */,
				625141102AB45D0A00E9E5C3 /* AddLottoUseCase.swift in Sources */,
				807AAD5C2AAC30DC00D338BF /* ChartInformationComponents.swift in Sources */,
				621503452A5BF06100431BBB /* OnboardingFlowProtocol.swift in Sources */,
				80F90CE82A8D2507007E1D23 /* Date+Extensions.swift in Sources */,
				6215031F2A4E792700431BBB /* Presentable.swift in Sources */,
				62AFA09F2A725C7100C9D86C /* CoreDataGoalAmountEntityPersistenceService.swift in Sources */,
				624BB0E92A67EED2002A3109 /* String+Extensions.swift in Sources */,
				80F90CF52A8D3037007E1D23 /* UICollectionViewCell+Extensions.swift in Sources */,
				62AFA09B2A7259F800C9D86C /* CoreDataPersistenceService.swift in Sources */,
				62AFA0992A72593100C9D86C /* CoreDataPersistenceServiceProtocol.swift in Sources */,
				624BB0E32A67B4BC002A3109 /* NickNameValidationState.swift in Sources */,
				80F90CDD2A8D1F3A007E1D23 /* CalendarCoordinator.swift in Sources */,
				624BB0CD2A652EC8002A3109 /* GoalSettingCoordinator.swift in Sources */,
				624BB0E52A67B9CA002A3109 /* DefaultGoalSettingUseCase.swift in Sources */,
				80773A702A55AF770020F1DD /* HomeViewController.swift in Sources */,
				62AFA09D2A725B8F00C9D86C /* CoreDataGoalAmountEntityPersistenceServiceProtocol.swift in Sources */,
				80EB033E2A72CF9A00455E05 /* DoubleLabelView.swift in Sources */,
				621503232A4E7CAE00431BBB /* Router.swift in Sources */,
				624628952A8F3DFE00ADE103 /* CalendarHeaderView.swift in Sources */,
				80F90CF92A8D32A6007E1D23 /* CalendarViewModel.swift in Sources */,
				6251410E2AB4595400E9E5C3 /* LottoType.swift in Sources */,
				80F90CE32A8D2419007E1D23 /* MonthComponent.swift in Sources */,
				6251411B2AB4689A00E9E5C3 /* DefaultAddLottoValidationUseCase.swift in Sources */,
				80F90CEA2A8D2543007E1D23 /* DateComponent.swift in Sources */,
				805EA6C32A9B1E8D00A3545C /* ChartFlowProtocol.swift in Sources */,
				624BB0ED2A67F73B002A3109 /* Int+Extensions.swift in Sources */,
				621503582A5E8E2300431BBB /* UIControl+Extensions.swift in Sources */,
				80F90CEF2A8D2DBE007E1D23 /* DateCollectionViewCell.swift in Sources */,
				6270BEF82A77A1EA00950181 /* DefaultGoalSettingValidationUseCase.swift in Sources */,
				629C1F532A4ABD0F00540FA4 /* AppDelegate.swift in Sources */,
				621503522A5E6EC900431BBB /* UIFont+Extensions.swift in Sources */,
				62CE39A22AB08E0B009DFCD4 /* LottoCollectionVIewLayout.swift in Sources */,
				801766FE2AAEF8FF0046E537 /* ChartUseCase.swift in Sources */,
				624BB0EB2A67F014002A3109 /* GoalAmountValidationState.swift in Sources */,
				621503562A5E7B0500431BBB /* UIColor+Extensions.swift in Sources */,
				80603AD62A4AC839003D5274 /* Coordinator.swift in Sources */,
				624628DC2AAB2E9E00ADE103 /* ScopeButton.swift in Sources */,
				62FD3DD22AB4291300C302F0 /* HalfModalPresentationController.swift in Sources */,
				80F90CF72A8D31B7007E1D23 /* DateCell.swift in Sources */,
				6268453B2A6BEC4400569D02 /* DefaultUserRepository.swift in Sources */,
				624BB0EF2A6903DA002A3109 /* NotificationCycle.swift in Sources */,
				6268453D2A6BECE800569D02 /* UserDefaults+Extensions.swift in Sources */,
				6251411D2AB46CA300E9E5C3 /* AddLottoViewModel.swift in Sources */,
				62CE39A02AB0772B009DFCD4 /* LottoCell.swift in Sources */,
				80773A762A55BA1C0020F1DD /* ModuleFactoryImp.swift in Sources */,
				624628992A8F772400ADE103 /* YearAndMonthView.swift in Sources */,
				80F90CF12A8D2E29007E1D23 /* CalendarCollectionViewLayout.swift in Sources */,
				626845392A6BEBDE00569D02 /* UserRepository.swift in Sources */,
				805EA6D52AA475C600A3545C /* DefaultChartInformationUseCase.swift in Sources */,
				62FD3DCC2AB41F9400C302F0 /* AddLottoViewProtocol.swift in Sources */,
				625141132AB4606A00E9E5C3 /* AddLottoValidationUseCase.swift in Sources */,
				625141172AB463BF00E9E5C3 /* WinningAmountValidationState.swift in Sources */,
				80603AD82A4AC874003D5274 /* BaseCoordinator.swift in Sources */,
				626845302A6BE38700569D02 /* UserDefaultsPersistenceServiceProtocol.swift in Sources */,
				62AFA0972A7258B200C9D86C /* GoalAmountEntity+CoreDataProperties.swift in Sources */,
				6270BEF62A77A18000950181 /* GoalSettingValidationUseCase.swift in Sources */,
				62AFA0962A7258B200C9D86C /* GoalAmountEntity+CoreDataClass.swift in Sources */,
				629C1F5D2A4ABD0F00540FA4 /* LottoDiaryModel.xcdatamodeld in Sources */,
				805FA70B2A6D853400089070 /* LottoQRFlowProtocol.swift in Sources */,
				629C1F5D2A4ABD0F00540FA4 /* LottoDiaryModel.xcdatamodeld in Sources */,
				80F90CDB2A8D1DD3007E1D23 /* CalendarFlowProtocol.swift in Sources */,
				629C1F5D2A4ABD0F00540FA4 /* LottoDiaryModel.xcdatamodeld in Sources */,
				621503372A55A44900431BBB /* TabBarFlowProtocol.swift in Sources */,
				80F90CD72A8D1CFE007E1D23 /* CalendarViewController.swift in Sources */,
				6251410C2AB458DD00E9E5C3 /* Lotto.swift in Sources */,
				624BB0E72A67BFB6002A3109 /* GoalSettingViewModel.swift in Sources */,
				621503432A5BEF0400431BBB /* OnboardingModuleFactory.swift in Sources */,
				621503212A4E79D000431BBB /* CoordinatorFactory.swift in Sources */,
				62AFA0932A723C8B00C9D86C /* LottoLabel.swift in Sources */,
				62FD3DD02AB4208700C302F0 /* AddLottoViewController.swift in Sources */,
				6215033F2A5BE93500431BBB /* OnboardingCoordinator.swift in Sources */,
				807AAD5A2AAC30C000D338BF /* ChartComponents.swift in Sources */,
				80603ADE2A4E9FB0003D5274 /* RouterImp.swift in Sources */,
				805EA6C52A9B1EB400A3545C /* ChartModuleFactory.swift in Sources */,
				805FA7092A6D84DC00089070 /* LottoQRModuleFactory.swift in Sources */,
				629C1F552A4ABD0F00540FA4 /* SceneDelegate.swift in Sources */,
				621503352A559CB800431BBB /* TabBarCoordinator.swift in Sources */,
				805FA70D2A6D856D00089070 /* LottoQRCoordinator.swift in Sources */,
				80603ADA2A4E6FE2003D5274 /* AppCoordinator.swift in Sources */,
				805EA6D22AA474C300A3545C /* ChartViewModel.swift in Sources */,
				625141152AB462AE00E9E5C3 /* PurchaseAmountValidationState.swift in Sources */,
				80EB03342A72370E00455E05 /* UIStackView+Extensions.swift in Sources */,
				80773A722A55AFF80020F1DD /* HomeFlowProtocol.swift in Sources */,
				624BB0DF2A67B319002A3109 /* GoalSettingUseCase.swift in Sources */,
				805FA7072A6D834A00089070 /* LottoQRViewController.swift in Sources */,
			);
			runOnlyForDeploymentPostprocessing = 0;
		};
/* End PBXSourcesBuildPhase section */

/* Begin PBXVariantGroup section */
		629C1F602A4ABD1000540FA4 /* LaunchScreen.storyboard */ = {
			isa = PBXVariantGroup;
			children = (
				629C1F612A4ABD1000540FA4 /* Base */,
			);
			name = LaunchScreen.storyboard;
			sourceTree = "<group>";
		};
/* End PBXVariantGroup section */

/* Begin XCBuildConfiguration section */
		629C1F642A4ABD1000540FA4 /* Debug */ = {
			isa = XCBuildConfiguration;
			buildSettings = {
				ALWAYS_SEARCH_USER_PATHS = NO;
				CLANG_ANALYZER_NONNULL = YES;
				CLANG_ANALYZER_NUMBER_OBJECT_CONVERSION = YES_AGGRESSIVE;
				CLANG_CXX_LANGUAGE_STANDARD = "gnu++20";
				CLANG_ENABLE_MODULES = YES;
				CLANG_ENABLE_OBJC_ARC = YES;
				CLANG_ENABLE_OBJC_WEAK = YES;
				CLANG_WARN_BLOCK_CAPTURE_AUTORELEASING = YES;
				CLANG_WARN_BOOL_CONVERSION = YES;
				CLANG_WARN_COMMA = YES;
				CLANG_WARN_CONSTANT_CONVERSION = YES;
				CLANG_WARN_DEPRECATED_OBJC_IMPLEMENTATIONS = YES;
				CLANG_WARN_DIRECT_OBJC_ISA_USAGE = YES_ERROR;
				CLANG_WARN_DOCUMENTATION_COMMENTS = YES;
				CLANG_WARN_EMPTY_BODY = YES;
				CLANG_WARN_ENUM_CONVERSION = YES;
				CLANG_WARN_INFINITE_RECURSION = YES;
				CLANG_WARN_INT_CONVERSION = YES;
				CLANG_WARN_NON_LITERAL_NULL_CONVERSION = YES;
				CLANG_WARN_OBJC_IMPLICIT_RETAIN_SELF = YES;
				CLANG_WARN_OBJC_LITERAL_CONVERSION = YES;
				CLANG_WARN_OBJC_ROOT_CLASS = YES_ERROR;
				CLANG_WARN_QUOTED_INCLUDE_IN_FRAMEWORK_HEADER = YES;
				CLANG_WARN_RANGE_LOOP_ANALYSIS = YES;
				CLANG_WARN_STRICT_PROTOTYPES = YES;
				CLANG_WARN_SUSPICIOUS_MOVE = YES;
				CLANG_WARN_UNGUARDED_AVAILABILITY = YES_AGGRESSIVE;
				CLANG_WARN_UNREACHABLE_CODE = YES;
				CLANG_WARN__DUPLICATE_METHOD_MATCH = YES;
				COPY_PHASE_STRIP = NO;
				DEBUG_INFORMATION_FORMAT = dwarf;
				ENABLE_STRICT_OBJC_MSGSEND = YES;
				ENABLE_TESTABILITY = YES;
				GCC_C_LANGUAGE_STANDARD = gnu11;
				GCC_DYNAMIC_NO_PIC = NO;
				GCC_NO_COMMON_BLOCKS = YES;
				GCC_OPTIMIZATION_LEVEL = 0;
				GCC_PREPROCESSOR_DEFINITIONS = (
					"DEBUG=1",
					"$(inherited)",
				);
				GCC_WARN_64_TO_32_BIT_CONVERSION = YES;
				GCC_WARN_ABOUT_RETURN_TYPE = YES_ERROR;
				GCC_WARN_UNDECLARED_SELECTOR = YES;
				GCC_WARN_UNINITIALIZED_AUTOS = YES_AGGRESSIVE;
				GCC_WARN_UNUSED_FUNCTION = YES;
				GCC_WARN_UNUSED_VARIABLE = YES;
				IPHONEOS_DEPLOYMENT_TARGET = 14.0;
				MTL_ENABLE_DEBUG_INFO = INCLUDE_SOURCE;
				MTL_FAST_MATH = YES;
				ONLY_ACTIVE_ARCH = YES;
				SDKROOT = iphoneos;
				SWIFT_ACTIVE_COMPILATION_CONDITIONS = DEBUG;
				SWIFT_OPTIMIZATION_LEVEL = "-Onone";
			};
			name = Debug;
		};
		629C1F652A4ABD1000540FA4 /* Release */ = {
			isa = XCBuildConfiguration;
			buildSettings = {
				ALWAYS_SEARCH_USER_PATHS = NO;
				CLANG_ANALYZER_NONNULL = YES;
				CLANG_ANALYZER_NUMBER_OBJECT_CONVERSION = YES_AGGRESSIVE;
				CLANG_CXX_LANGUAGE_STANDARD = "gnu++20";
				CLANG_ENABLE_MODULES = YES;
				CLANG_ENABLE_OBJC_ARC = YES;
				CLANG_ENABLE_OBJC_WEAK = YES;
				CLANG_WARN_BLOCK_CAPTURE_AUTORELEASING = YES;
				CLANG_WARN_BOOL_CONVERSION = YES;
				CLANG_WARN_COMMA = YES;
				CLANG_WARN_CONSTANT_CONVERSION = YES;
				CLANG_WARN_DEPRECATED_OBJC_IMPLEMENTATIONS = YES;
				CLANG_WARN_DIRECT_OBJC_ISA_USAGE = YES_ERROR;
				CLANG_WARN_DOCUMENTATION_COMMENTS = YES;
				CLANG_WARN_EMPTY_BODY = YES;
				CLANG_WARN_ENUM_CONVERSION = YES;
				CLANG_WARN_INFINITE_RECURSION = YES;
				CLANG_WARN_INT_CONVERSION = YES;
				CLANG_WARN_NON_LITERAL_NULL_CONVERSION = YES;
				CLANG_WARN_OBJC_IMPLICIT_RETAIN_SELF = YES;
				CLANG_WARN_OBJC_LITERAL_CONVERSION = YES;
				CLANG_WARN_OBJC_ROOT_CLASS = YES_ERROR;
				CLANG_WARN_QUOTED_INCLUDE_IN_FRAMEWORK_HEADER = YES;
				CLANG_WARN_RANGE_LOOP_ANALYSIS = YES;
				CLANG_WARN_STRICT_PROTOTYPES = YES;
				CLANG_WARN_SUSPICIOUS_MOVE = YES;
				CLANG_WARN_UNGUARDED_AVAILABILITY = YES_AGGRESSIVE;
				CLANG_WARN_UNREACHABLE_CODE = YES;
				CLANG_WARN__DUPLICATE_METHOD_MATCH = YES;
				COPY_PHASE_STRIP = NO;
				DEBUG_INFORMATION_FORMAT = "dwarf-with-dsym";
				ENABLE_NS_ASSERTIONS = NO;
				ENABLE_STRICT_OBJC_MSGSEND = YES;
				GCC_C_LANGUAGE_STANDARD = gnu11;
				GCC_NO_COMMON_BLOCKS = YES;
				GCC_WARN_64_TO_32_BIT_CONVERSION = YES;
				GCC_WARN_ABOUT_RETURN_TYPE = YES_ERROR;
				GCC_WARN_UNDECLARED_SELECTOR = YES;
				GCC_WARN_UNINITIALIZED_AUTOS = YES_AGGRESSIVE;
				GCC_WARN_UNUSED_FUNCTION = YES;
				GCC_WARN_UNUSED_VARIABLE = YES;
				IPHONEOS_DEPLOYMENT_TARGET = 14.0;
				MTL_ENABLE_DEBUG_INFO = NO;
				MTL_FAST_MATH = YES;
				SDKROOT = iphoneos;
				SWIFT_COMPILATION_MODE = wholemodule;
				SWIFT_OPTIMIZATION_LEVEL = "-O";
				VALIDATE_PRODUCT = YES;
			};
			name = Release;
		};
		629C1F672A4ABD1000540FA4 /* Debug */ = {
			isa = XCBuildConfiguration;
			buildSettings = {
				ASSETCATALOG_COMPILER_APPICON_NAME = AppIcon;
				ASSETCATALOG_COMPILER_GLOBAL_ACCENT_COLOR_NAME = AccentColor;
				CODE_SIGN_STYLE = Automatic;
				CURRENT_PROJECT_VERSION = 1;
				DEVELOPMENT_TEAM = F2W258F5P6;
				GENERATE_INFOPLIST_FILE = YES;
				INFOPLIST_FILE = LottoDairy/Info.plist;
				INFOPLIST_KEY_UIApplicationSupportsIndirectInputEvents = YES;
				INFOPLIST_KEY_UILaunchStoryboardName = LaunchScreen;
				INFOPLIST_KEY_UISupportedInterfaceOrientations_iPad = "UIInterfaceOrientationPortrait UIInterfaceOrientationPortraitUpsideDown UIInterfaceOrientationLandscapeLeft UIInterfaceOrientationLandscapeRight";
				INFOPLIST_KEY_UISupportedInterfaceOrientations_iPhone = "UIInterfaceOrientationPortrait UIInterfaceOrientationLandscapeLeft UIInterfaceOrientationLandscapeRight";
				IPHONEOS_DEPLOYMENT_TARGET = 14.0;
				LD_RUNPATH_SEARCH_PATHS = (
					"$(inherited)",
					"@executable_path/Frameworks",
				);
				MARKETING_VERSION = 1.0;
				PRODUCT_BUNDLE_IDENTIFIER = com.seunghyun.LottoDairy;
				PRODUCT_NAME = "$(TARGET_NAME)";
				SWIFT_EMIT_LOC_STRINGS = YES;
				SWIFT_VERSION = 5.0;
				TARGETED_DEVICE_FAMILY = "1,2";
			};
			name = Debug;
		};
		629C1F682A4ABD1000540FA4 /* Release */ = {
			isa = XCBuildConfiguration;
			buildSettings = {
				ASSETCATALOG_COMPILER_APPICON_NAME = AppIcon;
				ASSETCATALOG_COMPILER_GLOBAL_ACCENT_COLOR_NAME = AccentColor;
				CODE_SIGN_STYLE = Automatic;
				CURRENT_PROJECT_VERSION = 1;
				DEVELOPMENT_TEAM = F2W258F5P6;
				GENERATE_INFOPLIST_FILE = YES;
				INFOPLIST_FILE = LottoDairy/Info.plist;
				INFOPLIST_KEY_UIApplicationSupportsIndirectInputEvents = YES;
				INFOPLIST_KEY_UILaunchStoryboardName = LaunchScreen;
				INFOPLIST_KEY_UISupportedInterfaceOrientations_iPad = "UIInterfaceOrientationPortrait UIInterfaceOrientationPortraitUpsideDown UIInterfaceOrientationLandscapeLeft UIInterfaceOrientationLandscapeRight";
				INFOPLIST_KEY_UISupportedInterfaceOrientations_iPhone = "UIInterfaceOrientationPortrait UIInterfaceOrientationLandscapeLeft UIInterfaceOrientationLandscapeRight";
				IPHONEOS_DEPLOYMENT_TARGET = 14.0;
				LD_RUNPATH_SEARCH_PATHS = (
					"$(inherited)",
					"@executable_path/Frameworks",
				);
				MARKETING_VERSION = 1.0;
				PRODUCT_BUNDLE_IDENTIFIER = com.seunghyun.LottoDairy;
				PRODUCT_NAME = "$(TARGET_NAME)";
				SWIFT_EMIT_LOC_STRINGS = YES;
				SWIFT_VERSION = 5.0;
				TARGETED_DEVICE_FAMILY = "1,2";
			};
			name = Release;
		};
/* End XCBuildConfiguration section */

/* Begin XCConfigurationList section */
		629C1F4A2A4ABD0F00540FA4 /* Build configuration list for PBXProject "LottoDairy" */ = {
			isa = XCConfigurationList;
			buildConfigurations = (
				629C1F642A4ABD1000540FA4 /* Debug */,
				629C1F652A4ABD1000540FA4 /* Release */,
			);
			defaultConfigurationIsVisible = 0;
			defaultConfigurationName = Release;
		};
		629C1F662A4ABD1000540FA4 /* Build configuration list for PBXNativeTarget "LottoDairy" */ = {
			isa = XCConfigurationList;
			buildConfigurations = (
				629C1F672A4ABD1000540FA4 /* Debug */,
				629C1F682A4ABD1000540FA4 /* Release */,
			);
			defaultConfigurationIsVisible = 0;
			defaultConfigurationName = Release;
		};
/* End XCConfigurationList section */

/* Begin XCRemoteSwiftPackageReference section */
		801767012AB030E70046E537 /* XCRemoteSwiftPackageReference "Charts" */ = {
			isa = XCRemoteSwiftPackageReference;
			repositoryURL = "https://github.com/danielgindi/Charts.git";
			requirement = {
				kind = upToNextMajorVersion;
				minimumVersion = 5.0.0;
			};
		};
/* End XCRemoteSwiftPackageReference section */

/* Begin XCSwiftPackageProductDependency section */
		801767022AB030E70046E537 /* DGCharts */ = {
			isa = XCSwiftPackageProductDependency;
			package = 801767012AB030E70046E537 /* XCRemoteSwiftPackageReference "Charts" */;
			productName = DGCharts;
		};
/* End XCSwiftPackageProductDependency section */

/* Begin XCVersionGroup section */
		629C1F5B2A4ABD0F00540FA4 /* LottoDiaryModel.xcdatamodeld */ = {
			isa = XCVersionGroup;
			children = (
				629C1F5C2A4ABD0F00540FA4 /* LottoDairy.xcdatamodel */,
			);
			currentVersion = 629C1F5C2A4ABD0F00540FA4 /* LottoDairy.xcdatamodel */;
			path = LottoDiaryModel.xcdatamodeld;
			sourceTree = "<group>";
			versionGroupType = wrapper.xcdatamodel;
		};
/* End XCVersionGroup section */
	};
	rootObject = 629C1F472A4ABD0F00540FA4 /* Project object */;
}
