// !$*UTF8*$!
{
	archiveVersion = 1;
	classes = {
	};
	objectVersion = 56;
	objects = {

/* Begin PBXBuildFile section */
		6215031F2A4E792700431BBB /* Presentable.swift in Sources */ = {isa = PBXBuildFile; fileRef = 6215031E2A4E792700431BBB /* Presentable.swift */; };
		621503212A4E79D000431BBB /* CoordinatorFactory.swift in Sources */ = {isa = PBXBuildFile; fileRef = 621503202A4E79D000431BBB /* CoordinatorFactory.swift */; };
		621503232A4E7CAE00431BBB /* Router.swift in Sources */ = {isa = PBXBuildFile; fileRef = 621503222A4E7CAE00431BBB /* Router.swift */; };
		629C1F532A4ABD0F00540FA4 /* AppDelegate.swift in Sources */ = {isa = PBXBuildFile; fileRef = 629C1F522A4ABD0F00540FA4 /* AppDelegate.swift */; };
		629C1F552A4ABD0F00540FA4 /* SceneDelegate.swift in Sources */ = {isa = PBXBuildFile; fileRef = 629C1F542A4ABD0F00540FA4 /* SceneDelegate.swift */; };
		629C1F572A4ABD0F00540FA4 /* ViewController.swift in Sources */ = {isa = PBXBuildFile; fileRef = 629C1F562A4ABD0F00540FA4 /* ViewController.swift */; };
		629C1F5D2A4ABD0F00540FA4 /* LottoDairy.xcdatamodeld in Sources */ = {isa = PBXBuildFile; fileRef = 629C1F5B2A4ABD0F00540FA4 /* LottoDairy.xcdatamodeld */; };
		629C1F5F2A4ABD1000540FA4 /* Assets.xcassets in Resources */ = {isa = PBXBuildFile; fileRef = 629C1F5E2A4ABD1000540FA4 /* Assets.xcassets */; };
		629C1F622A4ABD1000540FA4 /* LaunchScreen.storyboard in Resources */ = {isa = PBXBuildFile; fileRef = 629C1F602A4ABD1000540FA4 /* LaunchScreen.storyboard */; };
		80603AD62A4AC839003D5274 /* Coordinator.swift in Sources */ = {isa = PBXBuildFile; fileRef = 80603AD52A4AC839003D5274 /* Coordinator.swift */; };
		80603AD82A4AC874003D5274 /* BaseCoordinator.swift in Sources */ = {isa = PBXBuildFile; fileRef = 80603AD72A4AC874003D5274 /* BaseCoordinator.swift */; };
		80603ADA2A4E6FE2003D5274 /* AppCoordinator.swift in Sources */ = {isa = PBXBuildFile; fileRef = 80603AD92A4E6FE2003D5274 /* AppCoordinator.swift */; };
		80603ADC2A4E9DDD003D5274 /* ProfileCoordinator.swift in Sources */ = {isa = PBXBuildFile; fileRef = 80603ADB2A4E9DDD003D5274 /* ProfileCoordinator.swift */; };
		80603ADE2A4E9FB0003D5274 /* RouterImp.swift in Sources */ = {isa = PBXBuildFile; fileRef = 80603ADD2A4E9FB0003D5274 /* RouterImp.swift */; };
/* End PBXBuildFile section */

/* Begin PBXFileReference section */
		6215031E2A4E792700431BBB /* Presentable.swift */ = {isa = PBXFileReference; lastKnownFileType = sourcecode.swift; path = Presentable.swift; sourceTree = "<group>"; };
		621503202A4E79D000431BBB /* CoordinatorFactory.swift */ = {isa = PBXFileReference; lastKnownFileType = sourcecode.swift; path = CoordinatorFactory.swift; sourceTree = "<group>"; };
		621503222A4E7CAE00431BBB /* Router.swift */ = {isa = PBXFileReference; lastKnownFileType = sourcecode.swift; path = Router.swift; sourceTree = "<group>"; };
		629C1F4F2A4ABD0F00540FA4 /* LottoDairy.app */ = {isa = PBXFileReference; explicitFileType = wrapper.application; includeInIndex = 0; path = LottoDairy.app; sourceTree = BUILT_PRODUCTS_DIR; };
		629C1F522A4ABD0F00540FA4 /* AppDelegate.swift */ = {isa = PBXFileReference; lastKnownFileType = sourcecode.swift; path = AppDelegate.swift; sourceTree = "<group>"; };
		629C1F542A4ABD0F00540FA4 /* SceneDelegate.swift */ = {isa = PBXFileReference; lastKnownFileType = sourcecode.swift; path = SceneDelegate.swift; sourceTree = "<group>"; };
		629C1F562A4ABD0F00540FA4 /* ViewController.swift */ = {isa = PBXFileReference; lastKnownFileType = sourcecode.swift; path = ViewController.swift; sourceTree = "<group>"; };
		629C1F5C2A4ABD0F00540FA4 /* LottoDairy.xcdatamodel */ = {isa = PBXFileReference; lastKnownFileType = wrapper.xcdatamodel; path = LottoDairy.xcdatamodel; sourceTree = "<group>"; };
		629C1F5E2A4ABD1000540FA4 /* Assets.xcassets */ = {isa = PBXFileReference; lastKnownFileType = folder.assetcatalog; path = Assets.xcassets; sourceTree = "<group>"; };
		629C1F612A4ABD1000540FA4 /* Base */ = {isa = PBXFileReference; lastKnownFileType = file.storyboard; name = Base; path = Base.lproj/LaunchScreen.storyboard; sourceTree = "<group>"; };
		629C1F632A4ABD1000540FA4 /* Info.plist */ = {isa = PBXFileReference; lastKnownFileType = text.plist.xml; path = Info.plist; sourceTree = "<group>"; };
		80603AD52A4AC839003D5274 /* Coordinator.swift */ = {isa = PBXFileReference; lastKnownFileType = sourcecode.swift; path = Coordinator.swift; sourceTree = "<group>"; };
		80603AD72A4AC874003D5274 /* BaseCoordinator.swift */ = {isa = PBXFileReference; lastKnownFileType = sourcecode.swift; path = BaseCoordinator.swift; sourceTree = "<group>"; };
		80603AD92A4E6FE2003D5274 /* AppCoordinator.swift */ = {isa = PBXFileReference; lastKnownFileType = sourcecode.swift; path = AppCoordinator.swift; sourceTree = "<group>"; };
		80603ADB2A4E9DDD003D5274 /* ProfileCoordinator.swift */ = {isa = PBXFileReference; lastKnownFileType = sourcecode.swift; path = ProfileCoordinator.swift; sourceTree = "<group>"; };
		80603ADD2A4E9FB0003D5274 /* RouterImp.swift */ = {isa = PBXFileReference; lastKnownFileType = sourcecode.swift; path = RouterImp.swift; sourceTree = "<group>"; };
/* End PBXFileReference section */

/* Begin PBXFrameworksBuildPhase section */
		629C1F4C2A4ABD0F00540FA4 /* Frameworks */ = {
			isa = PBXFrameworksBuildPhase;
			buildActionMask = 2147483647;
			files = (
			);
			runOnlyForDeploymentPostprocessing = 0;
		};
/* End PBXFrameworksBuildPhase section */

/* Begin PBXGroup section */
		621503242A4EB76B00431BBB /* Factories */ = {
			isa = PBXGroup;
			children = (
				621503202A4E79D000431BBB /* CoordinatorFactory.swift */,
			);
			path = Factories;
			sourceTree = "<group>";
		};
		621503252A4EB78E00431BBB /* Protocols */ = {
			isa = PBXGroup;
			children = (
				80603AD52A4AC839003D5274 /* Coordinator.swift */,
				6215031E2A4E792700431BBB /* Presentable.swift */,
			);
			path = Protocols;
			sourceTree = "<group>";
		};
		621503262A4EB91900431BBB /* Coordinator */ = {
			isa = PBXGroup;
			children = (
				621503242A4EB76B00431BBB /* Factories */,
				621503282A4EB93600431BBB /* Parents */,
				621503272A4EB92600431BBB /* Router */,
				621503252A4EB78E00431BBB /* Protocols */,
			);
			path = Coordinator;
			sourceTree = "<group>";
		};
		621503272A4EB92600431BBB /* Router */ = {
			isa = PBXGroup;
			children = (
				621503222A4E7CAE00431BBB /* Router.swift */,
				80603ADD2A4E9FB0003D5274 /* RouterImp.swift */,
			);
			path = Router;
			sourceTree = "<group>";
		};
		621503282A4EB93600431BBB /* Parents */ = {
			isa = PBXGroup;
			children = (
				80603AD72A4AC874003D5274 /* BaseCoordinator.swift */,
			);
			path = Parents;
			sourceTree = "<group>";
		};
		6215032A2A4EBA7200431BBB /* ProfileScene */ = {
			isa = PBXGroup;
			children = (
				80603ADB2A4E9DDD003D5274 /* ProfileCoordinator.swift */,
			);
			path = ProfileScene;
			sourceTree = "<group>";
		};
		6215032B2A4EBAD600431BBB /* Resource */ = {
			isa = PBXGroup;
			children = (
				629C1F5E2A4ABD1000540FA4 /* Assets.xcassets */,
				629C1F602A4ABD1000540FA4 /* LaunchScreen.storyboard */,
			);
			path = Resource;
			sourceTree = "<group>";
		};
		629C1F462A4ABD0F00540FA4 = {
			isa = PBXGroup;
			children = (
				629C1F512A4ABD0F00540FA4 /* LottoDairy */,
				629C1F502A4ABD0F00540FA4 /* Products */,
			);
			sourceTree = "<group>";
		};
		629C1F502A4ABD0F00540FA4 /* Products */ = {
			isa = PBXGroup;
			children = (
				629C1F4F2A4ABD0F00540FA4 /* LottoDairy.app */,
			);
			name = Products;
			sourceTree = "<group>";
		};
		629C1F512A4ABD0F00540FA4 /* LottoDairy */ = {
			isa = PBXGroup;
			children = (
				6215032B2A4EBAD600431BBB /* Resource */,
				621503262A4EB91900431BBB /* Coordinator */,
				80603AD22A4AC6F1003D5274 /* Application */,
				6215032A2A4EBA7200431BBB /* ProfileScene */,
				629C1F562A4ABD0F00540FA4 /* ViewController.swift */,
				629C1F632A4ABD1000540FA4 /* Info.plist */,
				629C1F5B2A4ABD0F00540FA4 /* LottoDairy.xcdatamodeld */,
			);
			path = LottoDairy;
			sourceTree = "<group>";
		};
		80603AD22A4AC6F1003D5274 /* Application */ = {
			isa = PBXGroup;
			children = (
				629C1F522A4ABD0F00540FA4 /* AppDelegate.swift */,
				629C1F542A4ABD0F00540FA4 /* SceneDelegate.swift */,
				80603AD92A4E6FE2003D5274 /* AppCoordinator.swift */,
			);
			path = Application;
			sourceTree = "<group>";
		};
/* End PBXGroup section */

/* Begin PBXNativeTarget section */
		629C1F4E2A4ABD0F00540FA4 /* LottoDairy */ = {
			isa = PBXNativeTarget;
			buildConfigurationList = 629C1F662A4ABD1000540FA4 /* Build configuration list for PBXNativeTarget "LottoDairy" */;
			buildPhases = (
				629C1F4B2A4ABD0F00540FA4 /* Sources */,
				629C1F4C2A4ABD0F00540FA4 /* Frameworks */,
				629C1F4D2A4ABD0F00540FA4 /* Resources */,
			);
			buildRules = (
			);
			dependencies = (
			);
			name = LottoDairy;
			productName = LottoDairy;
			productReference = 629C1F4F2A4ABD0F00540FA4 /* LottoDairy.app */;
			productType = "com.apple.product-type.application";
		};
/* End PBXNativeTarget section */

/* Begin PBXProject section */
		629C1F472A4ABD0F00540FA4 /* Project object */ = {
			isa = PBXProject;
			attributes = {
				BuildIndependentTargetsInParallel = 1;
				LastSwiftUpdateCheck = 1430;
				LastUpgradeCheck = 1430;
				TargetAttributes = {
					629C1F4E2A4ABD0F00540FA4 = {
						CreatedOnToolsVersion = 14.3.1;
					};
				};
			};
			buildConfigurationList = 629C1F4A2A4ABD0F00540FA4 /* Build configuration list for PBXProject "LottoDairy" */;
			compatibilityVersion = "Xcode 14.0";
			developmentRegion = en;
			hasScannedForEncodings = 0;
			knownRegions = (
				en,
				Base,
			);
			mainGroup = 629C1F462A4ABD0F00540FA4;
			productRefGroup = 629C1F502A4ABD0F00540FA4 /* Products */;
			projectDirPath = "";
			projectRoot = "";
			targets = (
				629C1F4E2A4ABD0F00540FA4 /* LottoDairy */,
			);
		};
/* End PBXProject section */

/* Begin PBXResourcesBuildPhase section */
		629C1F4D2A4ABD0F00540FA4 /* Resources */ = {
			isa = PBXResourcesBuildPhase;
			buildActionMask = 2147483647;
			files = (
				629C1F622A4ABD1000540FA4 /* LaunchScreen.storyboard in Resources */,
				629C1F5F2A4ABD1000540FA4 /* Assets.xcassets in Resources */,
			);
			runOnlyForDeploymentPostprocessing = 0;
		};
/* End PBXResourcesBuildPhase section */

/* Begin PBXSourcesBuildPhase section */
		629C1F4B2A4ABD0F00540FA4 /* Sources */ = {
			isa = PBXSourcesBuildPhase;
			buildActionMask = 2147483647;
			files = (
				629C1F572A4ABD0F00540FA4 /* ViewController.swift in Sources */,
				6215031F2A4E792700431BBB /* Presentable.swift in Sources */,
				621503232A4E7CAE00431BBB /* Router.swift in Sources */,
				629C1F532A4ABD0F00540FA4 /* AppDelegate.swift in Sources */,
				80603AD62A4AC839003D5274 /* Coordinator.swift in Sources */,
				80603AD82A4AC874003D5274 /* BaseCoordinator.swift in Sources */,
				629C1F5D2A4ABD0F00540FA4 /* LottoDairy.xcdatamodeld in Sources */,
				621503212A4E79D000431BBB /* CoordinatorFactory.swift in Sources */,
				80603ADC2A4E9DDD003D5274 /* ProfileCoordinator.swift in Sources */,
				80603ADE2A4E9FB0003D5274 /* RouterImp.swift in Sources */,
				629C1F552A4ABD0F00540FA4 /* SceneDelegate.swift in Sources */,
				80603ADA2A4E6FE2003D5274 /* AppCoordinator.swift in Sources */,
			);
			runOnlyForDeploymentPostprocessing = 0;
		};
/* End PBXSourcesBuildPhase section */

/* Begin PBXVariantGroup section */
		629C1F602A4ABD1000540FA4 /* LaunchScreen.storyboard */ = {
			isa = PBXVariantGroup;
			children = (
				629C1F612A4ABD1000540FA4 /* Base */,
			);
			name = LaunchScreen.storyboard;
			sourceTree = "<group>";
		};
/* End PBXVariantGroup section */

/* Begin XCBuildConfiguration section */
		629C1F642A4ABD1000540FA4 /* Debug */ = {
			isa = XCBuildConfiguration;
			buildSettings = {
				ALWAYS_SEARCH_USER_PATHS = NO;
				CLANG_ANALYZER_NONNULL = YES;
				CLANG_ANALYZER_NUMBER_OBJECT_CONVERSION = YES_AGGRESSIVE;
				CLANG_CXX_LANGUAGE_STANDARD = "gnu++20";
				CLANG_ENABLE_MODULES = YES;
				CLANG_ENABLE_OBJC_ARC = YES;
				CLANG_ENABLE_OBJC_WEAK = YES;
				CLANG_WARN_BLOCK_CAPTURE_AUTORELEASING = YES;
				CLANG_WARN_BOOL_CONVERSION = YES;
				CLANG_WARN_COMMA = YES;
				CLANG_WARN_CONSTANT_CONVERSION = YES;
				CLANG_WARN_DEPRECATED_OBJC_IMPLEMENTATIONS = YES;
				CLANG_WARN_DIRECT_OBJC_ISA_USAGE = YES_ERROR;
				CLANG_WARN_DOCUMENTATION_COMMENTS = YES;
				CLANG_WARN_EMPTY_BODY = YES;
				CLANG_WARN_ENUM_CONVERSION = YES;
				CLANG_WARN_INFINITE_RECURSION = YES;
				CLANG_WARN_INT_CONVERSION = YES;
				CLANG_WARN_NON_LITERAL_NULL_CONVERSION = YES;
				CLANG_WARN_OBJC_IMPLICIT_RETAIN_SELF = YES;
				CLANG_WARN_OBJC_LITERAL_CONVERSION = YES;
				CLANG_WARN_OBJC_ROOT_CLASS = YES_ERROR;
				CLANG_WARN_QUOTED_INCLUDE_IN_FRAMEWORK_HEADER = YES;
				CLANG_WARN_RANGE_LOOP_ANALYSIS = YES;
				CLANG_WARN_STRICT_PROTOTYPES = YES;
				CLANG_WARN_SUSPICIOUS_MOVE = YES;
				CLANG_WARN_UNGUARDED_AVAILABILITY = YES_AGGRESSIVE;
				CLANG_WARN_UNREACHABLE_CODE = YES;
				CLANG_WARN__DUPLICATE_METHOD_MATCH = YES;
				COPY_PHASE_STRIP = NO;
				DEBUG_INFORMATION_FORMAT = dwarf;
				ENABLE_STRICT_OBJC_MSGSEND = YES;
				ENABLE_TESTABILITY = YES;
				GCC_C_LANGUAGE_STANDARD = gnu11;
				GCC_DYNAMIC_NO_PIC = NO;
				GCC_NO_COMMON_BLOCKS = YES;
				GCC_OPTIMIZATION_LEVEL = 0;
				GCC_PREPROCESSOR_DEFINITIONS = (
					"DEBUG=1",
					"$(inherited)",
				);
				GCC_WARN_64_TO_32_BIT_CONVERSION = YES;
				GCC_WARN_ABOUT_RETURN_TYPE = YES_ERROR;
				GCC_WARN_UNDECLARED_SELECTOR = YES;
				GCC_WARN_UNINITIALIZED_AUTOS = YES_AGGRESSIVE;
				GCC_WARN_UNUSED_FUNCTION = YES;
				GCC_WARN_UNUSED_VARIABLE = YES;
				IPHONEOS_DEPLOYMENT_TARGET = 16.4;
				MTL_ENABLE_DEBUG_INFO = INCLUDE_SOURCE;
				MTL_FAST_MATH = YES;
				ONLY_ACTIVE_ARCH = YES;
				SDKROOT = iphoneos;
				SWIFT_ACTIVE_COMPILATION_CONDITIONS = DEBUG;
				SWIFT_OPTIMIZATION_LEVEL = "-Onone";
			};
			name = Debug;
		};
		629C1F652A4ABD1000540FA4 /* Release */ = {
			isa = XCBuildConfiguration;
			buildSettings = {
				ALWAYS_SEARCH_USER_PATHS = NO;
				CLANG_ANALYZER_NONNULL = YES;
				CLANG_ANALYZER_NUMBER_OBJECT_CONVERSION = YES_AGGRESSIVE;
				CLANG_CXX_LANGUAGE_STANDARD = "gnu++20";
				CLANG_ENABLE_MODULES = YES;
				CLANG_ENABLE_OBJC_ARC = YES;
				CLANG_ENABLE_OBJC_WEAK = YES;
				CLANG_WARN_BLOCK_CAPTURE_AUTORELEASING = YES;
				CLANG_WARN_BOOL_CONVERSION = YES;
				CLANG_WARN_COMMA = YES;
				CLANG_WARN_CONSTANT_CONVERSION = YES;
				CLANG_WARN_DEPRECATED_OBJC_IMPLEMENTATIONS = YES;
				CLANG_WARN_DIRECT_OBJC_ISA_USAGE = YES_ERROR;
				CLANG_WARN_DOCUMENTATION_COMMENTS = YES;
				CLANG_WARN_EMPTY_BODY = YES;
				CLANG_WARN_ENUM_CONVERSION = YES;
				CLANG_WARN_INFINITE_RECURSION = YES;
				CLANG_WARN_INT_CONVERSION = YES;
				CLANG_WARN_NON_LITERAL_NULL_CONVERSION = YES;
				CLANG_WARN_OBJC_IMPLICIT_RETAIN_SELF = YES;
				CLANG_WARN_OBJC_LITERAL_CONVERSION = YES;
				CLANG_WARN_OBJC_ROOT_CLASS = YES_ERROR;
				CLANG_WARN_QUOTED_INCLUDE_IN_FRAMEWORK_HEADER = YES;
				CLANG_WARN_RANGE_LOOP_ANALYSIS = YES;
				CLANG_WARN_STRICT_PROTOTYPES = YES;
				CLANG_WARN_SUSPICIOUS_MOVE = YES;
				CLANG_WARN_UNGUARDED_AVAILABILITY = YES_AGGRESSIVE;
				CLANG_WARN_UNREACHABLE_CODE = YES;
				CLANG_WARN__DUPLICATE_METHOD_MATCH = YES;
				COPY_PHASE_STRIP = NO;
				DEBUG_INFORMATION_FORMAT = "dwarf-with-dsym";
				ENABLE_NS_ASSERTIONS = NO;
				ENABLE_STRICT_OBJC_MSGSEND = YES;
				GCC_C_LANGUAGE_STANDARD = gnu11;
				GCC_NO_COMMON_BLOCKS = YES;
				GCC_WARN_64_TO_32_BIT_CONVERSION = YES;
				GCC_WARN_ABOUT_RETURN_TYPE = YES_ERROR;
				GCC_WARN_UNDECLARED_SELECTOR = YES;
				GCC_WARN_UNINITIALIZED_AUTOS = YES_AGGRESSIVE;
				GCC_WARN_UNUSED_FUNCTION = YES;
				GCC_WARN_UNUSED_VARIABLE = YES;
				IPHONEOS_DEPLOYMENT_TARGET = 16.4;
				MTL_ENABLE_DEBUG_INFO = NO;
				MTL_FAST_MATH = YES;
				SDKROOT = iphoneos;
				SWIFT_COMPILATION_MODE = wholemodule;
				SWIFT_OPTIMIZATION_LEVEL = "-O";
				VALIDATE_PRODUCT = YES;
			};
			name = Release;
		};
		629C1F672A4ABD1000540FA4 /* Debug */ = {
			isa = XCBuildConfiguration;
			buildSettings = {
				ASSETCATALOG_COMPILER_APPICON_NAME = AppIcon;
				ASSETCATALOG_COMPILER_GLOBAL_ACCENT_COLOR_NAME = AccentColor;
				CODE_SIGN_STYLE = Automatic;
				CURRENT_PROJECT_VERSION = 1;
				GENERATE_INFOPLIST_FILE = YES;
				INFOPLIST_FILE = LottoDairy/Info.plist;
				INFOPLIST_KEY_UIApplicationSupportsIndirectInputEvents = YES;
				INFOPLIST_KEY_UILaunchStoryboardName = LaunchScreen;
				INFOPLIST_KEY_UISupportedInterfaceOrientations_iPad = "UIInterfaceOrientationPortrait UIInterfaceOrientationPortraitUpsideDown UIInterfaceOrientationLandscapeLeft UIInterfaceOrientationLandscapeRight";
				INFOPLIST_KEY_UISupportedInterfaceOrientations_iPhone = "UIInterfaceOrientationPortrait UIInterfaceOrientationLandscapeLeft UIInterfaceOrientationLandscapeRight";
				IPHONEOS_DEPLOYMENT_TARGET = 14.0;
				LD_RUNPATH_SEARCH_PATHS = (
					"$(inherited)",
					"@executable_path/Frameworks",
				);
				MARKETING_VERSION = 1.0;
				PRODUCT_BUNDLE_IDENTIFIER = com.seunghyun.LottoDairy;
				PRODUCT_NAME = "$(TARGET_NAME)";
				SWIFT_EMIT_LOC_STRINGS = YES;
				SWIFT_VERSION = 5.0;
				TARGETED_DEVICE_FAMILY = "1,2";
			};
			name = Debug;
		};
		629C1F682A4ABD1000540FA4 /* Release */ = {
			isa = XCBuildConfiguration;
			buildSettings = {
				ASSETCATALOG_COMPILER_APPICON_NAME = AppIcon;
				ASSETCATALOG_COMPILER_GLOBAL_ACCENT_COLOR_NAME = AccentColor;
				CODE_SIGN_STYLE = Automatic;
				CURRENT_PROJECT_VERSION = 1;
				GENERATE_INFOPLIST_FILE = YES;
				INFOPLIST_FILE = LottoDairy/Info.plist;
				INFOPLIST_KEY_UIApplicationSupportsIndirectInputEvents = YES;
				INFOPLIST_KEY_UILaunchStoryboardName = LaunchScreen;
				INFOPLIST_KEY_UISupportedInterfaceOrientations_iPad = "UIInterfaceOrientationPortrait UIInterfaceOrientationPortraitUpsideDown UIInterfaceOrientationLandscapeLeft UIInterfaceOrientationLandscapeRight";
				INFOPLIST_KEY_UISupportedInterfaceOrientations_iPhone = "UIInterfaceOrientationPortrait UIInterfaceOrientationLandscapeLeft UIInterfaceOrientationLandscapeRight";
				IPHONEOS_DEPLOYMENT_TARGET = 14.0;
				LD_RUNPATH_SEARCH_PATHS = (
					"$(inherited)",
					"@executable_path/Frameworks",
				);
				MARKETING_VERSION = 1.0;
				PRODUCT_BUNDLE_IDENTIFIER = com.seunghyun.LottoDairy;
				PRODUCT_NAME = "$(TARGET_NAME)";
				SWIFT_EMIT_LOC_STRINGS = YES;
				SWIFT_VERSION = 5.0;
				TARGETED_DEVICE_FAMILY = "1,2";
			};
			name = Release;
		};
/* End XCBuildConfiguration section */

/* Begin XCConfigurationList section */
		629C1F4A2A4ABD0F00540FA4 /* Build configuration list for PBXProject "LottoDairy" */ = {
			isa = XCConfigurationList;
			buildConfigurations = (
				629C1F642A4ABD1000540FA4 /* Debug */,
				629C1F652A4ABD1000540FA4 /* Release */,
			);
			defaultConfigurationIsVisible = 0;
			defaultConfigurationName = Release;
		};
		629C1F662A4ABD1000540FA4 /* Build configuration list for PBXNativeTarget "LottoDairy" */ = {
			isa = XCConfigurationList;
			buildConfigurations = (
				629C1F672A4ABD1000540FA4 /* Debug */,
				629C1F682A4ABD1000540FA4 /* Release */,
			);
			defaultConfigurationIsVisible = 0;
			defaultConfigurationName = Release;
		};
/* End XCConfigurationList section */

/* Begin XCVersionGroup section */
		629C1F5B2A4ABD0F00540FA4 /* LottoDairy.xcdatamodeld */ = {
			isa = XCVersionGroup;
			children = (
				629C1F5C2A4ABD0F00540FA4 /* LottoDairy.xcdatamodel */,
			);
			currentVersion = 629C1F5C2A4ABD0F00540FA4 /* LottoDairy.xcdatamodel */;
			path = LottoDairy.xcdatamodeld;
			sourceTree = "<group>";
			versionGroupType = wrapper.xcdatamodel;
		};
/* End XCVersionGroup section */
	};
	rootObject = 629C1F472A4ABD0F00540FA4 /* Project object */;
}
